// !$*UTF8*$!
{
	archiveVersion = 1;
	classes = {
	};
	objectVersion = 77;
	objects = {

/* Begin PBXBuildFile section */
		0300E24894022A49E65EC41C /* NotificationService.swift in Sources */ = {isa = PBXBuildFile; fileRef = B2600C40B77EF3FF5126EAFE /* NotificationService.swift */; };
		043F3422554E02BFF53D0512 /* BodyProfile.swift in Sources */ = {isa = PBXBuildFile; fileRef = AF63533B3E56E5C3FBE91384 /* BodyProfile.swift */; };
		08B27B65AD2FC365D0988CE6 /* DataService.swift in Sources */ = {isa = PBXBuildFile; fileRef = A3FFCB6BDEA8A338E3DE8FB1 /* DataService.swift */; };
		092683E9BED34955A9F019E8 /* EnergyAveragesCacheReader.swift in Sources */ = {isa = PBXBuildFile; fileRef = 139F5B0C64C45205FEFCDD22 /* EnergyAveragesCacheReader.swift */; };
		09743D7BE9223C40B5B56D88 /* NetDeficitTrendSummary.swift in Sources */ = {isa = PBXBuildFile; fileRef = 4E1B3A87ED318421E4268708 /* NetDeficitTrendSummary.swift */; };
		0A15A50AFA7DC19834C3D106 /* DataService.swift in Sources */ = {isa = PBXBuildFile; fileRef = A3FFCB6BDEA8A338E3DE8FB1 /* DataService.swift */; };
		0AC639F100296E17EF0A0680 /* GoalSettings.swift in Sources */ = {isa = PBXBuildFile; fileRef = B6804EF421C3725E70674D40 /* GoalSettings.swift */; };
		0E0201FB0EAAC755B25E719B /* PaywallScreenshotHarness.swift in Sources */ = {isa = PBXBuildFile; fileRef = 8287269CC5CE093BEF6CBB25 /* PaywallScreenshotHarness.swift */; };
		0E0E46ECA14AB2494C91909D /* VitalsConversionCopy.swift in Sources */ = {isa = PBXBuildFile; fileRef = B8F1FB17511E85720FB3545D /* VitalsConversionCopy.swift */; };
		0EA5DC155C32F07931E96361 /* ProjectionCalculator.swift in Sources */ = {isa = PBXBuildFile; fileRef = CEE9370DC12BAC7716DA62A5 /* ProjectionCalculator.swift */; };
		0F7763F8656888538697E138 /* EnergyAveragesCacheReader.swift in Sources */ = {isa = PBXBuildFile; fileRef = 139F5B0C64C45205FEFCDD22 /* EnergyAveragesCacheReader.swift */; };
		1039A99017046E5F1A2DAAF2 /* GoalSettings.swift in Sources */ = {isa = PBXBuildFile; fileRef = B6804EF421C3725E70674D40 /* GoalSettings.swift */; };
		1052DC50C654497AF753CBA9 /* EnergyAveragesCalculatorTests.swift in Sources */ = {isa = PBXBuildFile; fileRef = 7800BEFF745F92FF35F9DD7D /* EnergyAveragesCalculatorTests.swift */; };
		109116DACEADF5842B690C38 /* App.swift in Sources */ = {isa = PBXBuildFile; fileRef = ECFC80E117FB844B9B2FB043 /* App.swift */; };
		10BDA0BB88C0FE98670538C0 /* WhatsNew.swift in Sources */ = {isa = PBXBuildFile; fileRef = ECDEB69876935A084FB689CF /* WhatsNew.swift */; };
		11FC596C80351285C517EBFD /* MilestoneCalculatorTests.swift in Sources */ = {isa = PBXBuildFile; fileRef = 34A3B62274436A07B3C3554E /* MilestoneCalculatorTests.swift */; };
		138D52C1CFAA32B0216DD8B9 /* ProjectionCalculator.swift in Sources */ = {isa = PBXBuildFile; fileRef = CEE9370DC12BAC7716DA62A5 /* ProjectionCalculator.swift */; };
		14691A7E11A16B2075B40075 /* WhatsNew.swift in Sources */ = {isa = PBXBuildFile; fileRef = ECDEB69876935A084FB689CF /* WhatsNew.swift */; };
		162F6C3B386295BF2B5DE297 /* NotificationService.swift in Sources */ = {isa = PBXBuildFile; fileRef = B2600C40B77EF3FF5126EAFE /* NotificationService.swift */; };
		16F8288C5254F2E00C920180 /* EnergyAveragesCalculator.swift in Sources */ = {isa = PBXBuildFile; fileRef = 13B9D5B798B90EA3B5158572 /* EnergyAveragesCalculator.swift */; };
		1E006B2434ECB58F1D51CB19 /* HealthRecord.swift in Sources */ = {isa = PBXBuildFile; fileRef = 70507ABFBBE3C03F1CFC9053 /* HealthRecord.swift */; };
		1E8A3E8458958263B5786781 /* NotificationService.swift in Sources */ = {isa = PBXBuildFile; fileRef = B2600C40B77EF3FF5126EAFE /* NotificationService.swift */; };
		23736FF4975A768767A22434 /* WeeklyRecapView.swift in Sources */ = {isa = PBXBuildFile; fileRef = C9B9F018B1D8859226963C63 /* WeeklyRecapView.swift */; };
		24248C5CD47908B7188B3783 /* HealthRecord.swift in Sources */ = {isa = PBXBuildFile; fileRef = 70507ABFBBE3C03F1CFC9053 /* HealthRecord.swift */; };
		278E85BDB4CA7095FAC506BF /* EnergyAveragesCacheReaderTests.swift in Sources */ = {isa = PBXBuildFile; fileRef = 29693CF9343830E2D9DE2029 /* EnergyAveragesCacheReaderTests.swift */; };
		2E1443936EFA4C5DC1329871 /* ReviewPromptTracker.swift in Sources */ = {isa = PBXBuildFile; fileRef = 8BA6AECE7D2FEB86748EA85D /* ReviewPromptTracker.swift */; };
		30437D974CBD8715E532AC69 /* StoreService.swift in Sources */ = {isa = PBXBuildFile; fileRef = 76684FF138F58C3A58A97320 /* StoreService.swift */; };
		3043AE177B63E341CB1554A9 /* DateHelpers.swift in Sources */ = {isa = PBXBuildFile; fileRef = B98E24C6F7550EC4501A69FE /* DateHelpers.swift */; };
		30D1E4810035E3B88CD813A8 /* VitalsConversionCopy.swift in Sources */ = {isa = PBXBuildFile; fileRef = B8F1FB17511E85720FB3545D /* VitalsConversionCopy.swift */; };
		3183517189A7686F14352F26 /* AppStoreReviewLinks.swift in Sources */ = {isa = PBXBuildFile; fileRef = D46F96D18B8385758A31EFC6 /* AppStoreReviewLinks.swift */; };
		3251D5DFBDA27B783F936942 /* BodyProfileCalculator.swift in Sources */ = {isa = PBXBuildFile; fileRef = D48CEA73D52946D26CCE86AF /* BodyProfileCalculator.swift */; };
		325DBD71E731E9F9B0ECB322 /* MacroTotalsTests.swift in Sources */ = {isa = PBXBuildFile; fileRef = BB4287B137F6F3AD1263CD07 /* MacroTotalsTests.swift */; };
		33A7D4611A50027B3C977301 /* ScreenshotConfig.swift in Sources */ = {isa = PBXBuildFile; fileRef = BA4334C2CE63928C06983EA7 /* ScreenshotConfig.swift */; };
		35923B494939FCA8447C37A0 /* ScreenshotConfig.swift in Sources */ = {isa = PBXBuildFile; fileRef = BA4334C2CE63928C06983EA7 /* ScreenshotConfig.swift */; };
		3612F4B85AA20DDF2653520E /* BodyProfile.swift in Sources */ = {isa = PBXBuildFile; fileRef = AF63533B3E56E5C3FBE91384 /* BodyProfile.swift */; };
		3739688FF9473C63ECADC605 /* DateHelpers.swift in Sources */ = {isa = PBXBuildFile; fileRef = B98E24C6F7550EC4501A69FE /* DateHelpers.swift */; };
		3841B2D5C20BC535A5546777 /* BodyProfileCalculator.swift in Sources */ = {isa = PBXBuildFile; fileRef = D48CEA73D52946D26CCE86AF /* BodyProfileCalculator.swift */; };
		3CCD75E1FA3C81E847625602 /* WhatsNew.swift in Sources */ = {isa = PBXBuildFile; fileRef = ECDEB69876935A084FB689CF /* WhatsNew.swift */; };
		423196E97EF3B427C6AECB7F /* BodyProfile.swift in Sources */ = {isa = PBXBuildFile; fileRef = AF63533B3E56E5C3FBE91384 /* BodyProfile.swift */; };
		432DF5A74580379C50D494D4 /* WatchComplication.swift in Sources */ = {isa = PBXBuildFile; fileRef = EA172BB16DF599334E29D1F6 /* WatchComplication.swift */; };
		45A64EA799CE9D068752EC43 /* BodyProfileCalculatorTests.swift in Sources */ = {isa = PBXBuildFile; fileRef = 0BDBBE9238310745A59DB7C9 /* BodyProfileCalculatorTests.swift */; };
		48F82FDD56F577609761DC28 /* NetDeficitTrendSummary.swift in Sources */ = {isa = PBXBuildFile; fileRef = 4E1B3A87ED318421E4268708 /* NetDeficitTrendSummary.swift */; };
		4BE509D428F57F520F085EB8 /* ReviewPromptTracker.swift in Sources */ = {isa = PBXBuildFile; fileRef = 8BA6AECE7D2FEB86748EA85D /* ReviewPromptTracker.swift */; };
		4C334A91CF82A9FBAA312C1A /* WhatsNew.swift in Sources */ = {isa = PBXBuildFile; fileRef = ECDEB69876935A084FB689CF /* WhatsNew.swift */; };
		4C89ACF9C1CCC81A3687D734 /* EnergyAveragesCacheReader.swift in Sources */ = {isa = PBXBuildFile; fileRef = 139F5B0C64C45205FEFCDD22 /* EnergyAveragesCacheReader.swift */; };
		4D80D2D1466FF2C79D3D7173 /* BodyProfile.swift in Sources */ = {isa = PBXBuildFile; fileRef = AF63533B3E56E5C3FBE91384 /* BodyProfile.swift */; };
		4DE2EAC5587A3AA15C89B4B1 /* DateHelpers.swift in Sources */ = {isa = PBXBuildFile; fileRef = B98E24C6F7550EC4501A69FE /* DateHelpers.swift */; };
		4F22514B219ED34BF056FB0B /* Vitals.storekit in Resources */ = {isa = PBXBuildFile; fileRef = BB68B0FAC8D1E8A883919106 /* Vitals.storekit */; };
		4FBF9EE01E511884BC6AF2E0 /* RevenueCat in Frameworks */ = {isa = PBXBuildFile; productRef = 118A9A273E0B43DBA3FC7360 /* RevenueCat */; };
		505A5802FE54E602AA80A146 /* Theme.swift in Sources */ = {isa = PBXBuildFile; fileRef = 689672535A7B63A46F54C799 /* Theme.swift */; };
		5196C5E49115471C4A1E267E /* VitalsWatchWidget.appex in Embed Foundation Extensions */ = {isa = PBXBuildFile; fileRef = 47E5A948D4ECA79121753114 /* VitalsWatchWidget.appex */; settings = {ATTRIBUTES = (RemoveHeadersOnCopy, ); }; };
		5201256403AA11E4AF00E922 /* SummaryReportView.swift in Sources */ = {isa = PBXBuildFile; fileRef = FFAF11B005DB797877D60FDA /* SummaryReportView.swift */; };
		5254E1C16D6264C3C52BFC82 /* MilestoneCalculator.swift in Sources */ = {isa = PBXBuildFile; fileRef = 604A7C1098FB8101FE9A3365 /* MilestoneCalculator.swift */; };
		52B99A6FB6864BC7445FBCBC /* HealthKitLabHarness.swift in Sources */ = {isa = PBXBuildFile; fileRef = 1CFAFB48ADD8CF9B4DBB796A /* HealthKitLabHarness.swift */; };
		5450A8FED9047F0622566FF1 /* WeeklyRecap.swift in Sources */ = {isa = PBXBuildFile; fileRef = 029E0F56D793DA022CCA3D3F /* WeeklyRecap.swift */; };
		571E00AC73E437A72612B03F /* MacroTotals.swift in Sources */ = {isa = PBXBuildFile; fileRef = 7E59FD786F13C21C0F91701C /* MacroTotals.swift */; };
		57D9788CF5A8A5EF253767CC /* RevenueCat in Frameworks */ = {isa = PBXBuildFile; productRef = 76716C987A1696CB0AAA0719 /* RevenueCat */; };
		5A19413C5A9673172FC29C82 /* CalorieTrendSummary.swift in Sources */ = {isa = PBXBuildFile; fileRef = 952AFBE8093B6469EB2E271B /* CalorieTrendSummary.swift */; };
		5E0DEBFC4E1BC41D4FFEA18B /* ProjectionCalculator.swift in Sources */ = {isa = PBXBuildFile; fileRef = CEE9370DC12BAC7716DA62A5 /* ProjectionCalculator.swift */; };
		602FAE5FA1371FA6A1510FB9 /* MacroTotals.swift in Sources */ = {isa = PBXBuildFile; fileRef = 7E59FD786F13C21C0F91701C /* MacroTotals.swift */; };
		60592DE2EE57591183C06DD0 /* NetDeficitTrendSummary.swift in Sources */ = {isa = PBXBuildFile; fileRef = 4E1B3A87ED318421E4268708 /* NetDeficitTrendSummary.swift */; };
		617825BD1AA2773359640926 /* StoreService.swift in Sources */ = {isa = PBXBuildFile; fileRef = 76684FF138F58C3A58A97320 /* StoreService.swift */; };
		63853133C6016FE36B9CCF57 /* ProjectionCalculator.swift in Sources */ = {isa = PBXBuildFile; fileRef = CEE9370DC12BAC7716DA62A5 /* ProjectionCalculator.swift */; };
		64DF4D70D8C01EF659F6FC1B /* BodyProfileCalculator.swift in Sources */ = {isa = PBXBuildFile; fileRef = D48CEA73D52946D26CCE86AF /* BodyProfileCalculator.swift */; };
		6B88B53A4076BB378D0F2087 /* DataService.swift in Sources */ = {isa = PBXBuildFile; fileRef = A3FFCB6BDEA8A338E3DE8FB1 /* DataService.swift */; };
		6BD5AEA6B71B870CC53605AF /* Theme.swift in Sources */ = {isa = PBXBuildFile; fileRef = 689672535A7B63A46F54C799 /* Theme.swift */; };
		6CBFC060DEDD8AB1E6C1B2A7 /* VitalsConversionCopy.swift in Sources */ = {isa = PBXBuildFile; fileRef = B8F1FB17511E85720FB3545D /* VitalsConversionCopy.swift */; };
		6E1DD1188F271AE88FE30922 /* WeeklyRecap.swift in Sources */ = {isa = PBXBuildFile; fileRef = 029E0F56D793DA022CCA3D3F /* WeeklyRecap.swift */; };
		702043F0180810E60AA7D611 /* BodyProfile.swift in Sources */ = {isa = PBXBuildFile; fileRef = AF63533B3E56E5C3FBE91384 /* BodyProfile.swift */; };
		72DEDC8616FEE6109AF0E931 /* GoalSettings.swift in Sources */ = {isa = PBXBuildFile; fileRef = B6804EF421C3725E70674D40 /* GoalSettings.swift */; };
		73E57B5289F6A146D19D6011 /* HealthKitService.swift in Sources */ = {isa = PBXBuildFile; fileRef = 37181B9FB18AF45A44299F0F /* HealthKitService.swift */; };
		740EF1A0AF5784849B5E6E40 /* BodyProfileStore.swift in Sources */ = {isa = PBXBuildFile; fileRef = CA5FB56CFC81FAF6AF852A96 /* BodyProfileStore.swift */; };
		75A6835298F7F33CA2EF9884 /* HealthKitService.swift in Sources */ = {isa = PBXBuildFile; fileRef = 37181B9FB18AF45A44299F0F /* HealthKitService.swift */; };
		76401E76BB8856935CBC1A05 /* AppStoreReviewLinks.swift in Sources */ = {isa = PBXBuildFile; fileRef = D46F96D18B8385758A31EFC6 /* AppStoreReviewLinks.swift */; };
		764A0B6420616E3DF6CF40D9 /* VitalsConversionCopy.swift in Sources */ = {isa = PBXBuildFile; fileRef = B8F1FB17511E85720FB3545D /* VitalsConversionCopy.swift */; };
		7DE03846B38547D81722040A /* HealthKitService.swift in Sources */ = {isa = PBXBuildFile; fileRef = 37181B9FB18AF45A44299F0F /* HealthKitService.swift */; };
		7EC89CE57159173F05547146 /* SummaryReportGenerator.swift in Sources */ = {isa = PBXBuildFile; fileRef = 12B24F616BC26BFF25C64684 /* SummaryReportGenerator.swift */; };
		7F30022BC0C97A951FCD46AD /* MilestoneCalculator.swift in Sources */ = {isa = PBXBuildFile; fileRef = 604A7C1098FB8101FE9A3365 /* MilestoneCalculator.swift */; };
		7F455AC1D9325C3C9C70D799 /* StoreService.swift in Sources */ = {isa = PBXBuildFile; fileRef = 76684FF138F58C3A58A97320 /* StoreService.swift */; };
		7F8EA31FF10615BC980C2176 /* CalorieTrendSummary.swift in Sources */ = {isa = PBXBuildFile; fileRef = 952AFBE8093B6469EB2E271B /* CalorieTrendSummary.swift */; };
		7FA16EBD57D726CBF0C98B36 /* WeeklyRecap.swift in Sources */ = {isa = PBXBuildFile; fileRef = 029E0F56D793DA022CCA3D3F /* WeeklyRecap.swift */; };
		812F324514C80810810339F9 /* VitalsWidget.appex in Embed Foundation Extensions */ = {isa = PBXBuildFile; fileRef = AC24F002AF13CDC4C14F3E96 /* VitalsWidget.appex */; settings = {ATTRIBUTES = (RemoveHeadersOnCopy, ); }; };
		81C933EB24E9765C818A3B65 /* SummaryReportGenerator.swift in Sources */ = {isa = PBXBuildFile; fileRef = 12B24F616BC26BFF25C64684 /* SummaryReportGenerator.swift */; };
		83834D0183EE3C6C75DC281A /* WeeklyRecap.swift in Sources */ = {isa = PBXBuildFile; fileRef = 029E0F56D793DA022CCA3D3F /* WeeklyRecap.swift */; };
		84695835D300C56C76F58745 /* ReviewPromptSheet.swift in Sources */ = {isa = PBXBuildFile; fileRef = 91B6F4FE3966882D8D2A9287 /* ReviewPromptSheet.swift */; };
		86FEB604B62D71C0655124AE /* EnergyAveragesCacheReader.swift in Sources */ = {isa = PBXBuildFile; fileRef = 139F5B0C64C45205FEFCDD22 /* EnergyAveragesCacheReader.swift */; };
		8A78DE17AF752A889D4CBEDF /* AppStoreReviewLinks.swift in Sources */ = {isa = PBXBuildFile; fileRef = D46F96D18B8385758A31EFC6 /* AppStoreReviewLinks.swift */; };
		8BA4236445D489D8CCF15852 /* DataService.swift in Sources */ = {isa = PBXBuildFile; fileRef = A3FFCB6BDEA8A338E3DE8FB1 /* DataService.swift */; };
		8D267B9C3DAEEDBBDF04937F /* WeeklyRecap.swift in Sources */ = {isa = PBXBuildFile; fileRef = 029E0F56D793DA022CCA3D3F /* WeeklyRecap.swift */; };
		9032987B70D7BDD245847674 /* RevenueCat in Frameworks */ = {isa = PBXBuildFile; productRef = B25E8EC0600130AD108B5EED /* RevenueCat */; };
		906DF508C80FAF1F80DCF0FC /* PrivacyInfo.xcprivacy in Resources */ = {isa = PBXBuildFile; fileRef = A2306ABF7BBFD87A49291EE7 /* PrivacyInfo.xcprivacy */; };
		919AF5A699922C5CF56DEC03 /* PaywallView.swift in Sources */ = {isa = PBXBuildFile; fileRef = C395EAE504DCAD8464C29AC9 /* PaywallView.swift */; };
		93B99EBF212EE7E85A345BFB /* VitalsConversionCopy.swift in Sources */ = {isa = PBXBuildFile; fileRef = B8F1FB17511E85720FB3545D /* VitalsConversionCopy.swift */; };
		97B3284F672341E171AA3828 /* DashboardView.swift in Sources */ = {isa = PBXBuildFile; fileRef = BFEC52C3FC9793813DF64549 /* DashboardView.swift */; };
		9880A24EDD14087BBC276BBE /* EnergyAveragesCalculator.swift in Sources */ = {isa = PBXBuildFile; fileRef = 13B9D5B798B90EA3B5158572 /* EnergyAveragesCalculator.swift */; };
		9D87A125DF44027A99B6F95C /* RevenueCat in Frameworks */ = {isa = PBXBuildFile; productRef = B90E4BEF66FC94CCEA5F5D95 /* RevenueCat */; };
		9DBD04B252D8A3D651BF2F8C /* EnergyAveragesWidget.swift in Sources */ = {isa = PBXBuildFile; fileRef = AB235A6D847F3D1830DA435E /* EnergyAveragesWidget.swift */; };
		9F43DA0F666C0671FD71FD2D /* TodayView.swift in Sources */ = {isa = PBXBuildFile; fileRef = 9EEC9E7DED1B1E70BAA8F0E1 /* TodayView.swift */; };
		A0599F43FA61D1DE21C89711 /* EnergyAveragesCalculator.swift in Sources */ = {isa = PBXBuildFile; fileRef = 13B9D5B798B90EA3B5158572 /* EnergyAveragesCalculator.swift */; };
		A18836B7544E3EA896EE185D /* StepTrendSummary.swift in Sources */ = {isa = PBXBuildFile; fileRef = 9515296920AC1C61887CCD1C /* StepTrendSummary.swift */; };
		A1E13E3675001BC71870A7DA /* StoreService.swift in Sources */ = {isa = PBXBuildFile; fileRef = 76684FF138F58C3A58A97320 /* StoreService.swift */; };
		AC4CC88A6ACE68D5ED34C6FE /* HealthKitLabUITests.swift in Sources */ = {isa = PBXBuildFile; fileRef = 5A524F44F2C81B258D1BBE67 /* HealthKitLabUITests.swift */; };
		AC9FF372460EE54FE7F7183D /* ScreenshotConfig.swift in Sources */ = {isa = PBXBuildFile; fileRef = BA4334C2CE63928C06983EA7 /* ScreenshotConfig.swift */; };
		ACEC9933380F15560FFFD8F2 /* VitalsConversionCopyTests.swift in Sources */ = {isa = PBXBuildFile; fileRef = 3A32F8EB584C5A7B0BD4CA64 /* VitalsConversionCopyTests.swift */; };
		AD560B74ECBF3CAD26A75026 /* Theme.swift in Sources */ = {isa = PBXBuildFile; fileRef = 689672535A7B63A46F54C799 /* Theme.swift */; };
		AE79C4EF14DDEFF19FE3342E /* HealthRecord.swift in Sources */ = {isa = PBXBuildFile; fileRef = 70507ABFBBE3C03F1CFC9053 /* HealthRecord.swift */; };
		B19D140773617085D5DD3705 /* EnergyAveragesCalculator.swift in Sources */ = {isa = PBXBuildFile; fileRef = 13B9D5B798B90EA3B5158572 /* EnergyAveragesCalculator.swift */; };
		B293ED586430ED5D9823E530 /* VitalsWatch.app in Embed Watch Content */ = {isa = PBXBuildFile; fileRef = DE8F114B3CE1940662993978 /* VitalsWatch.app */; settings = {ATTRIBUTES = (RemoveHeadersOnCopy, ); }; };
		B40E7B002F3BECDCDAAE0925 /* PrivacyInfo.xcprivacy in Resources */ = {isa = PBXBuildFile; fileRef = FB79EE935FF815B366FB6D27 /* PrivacyInfo.xcprivacy */; };
		B656BB1CBDA939A0FF8964E2 /* MilestoneCalculator.swift in Sources */ = {isa = PBXBuildFile; fileRef = 604A7C1098FB8101FE9A3365 /* MilestoneCalculator.swift */; };
		B9BF75C576EB39B0BBA7D1C6 /* ProjectionCalculatorTests.swift in Sources */ = {isa = PBXBuildFile; fileRef = 7896892E56FE0D79E979DEE7 /* ProjectionCalculatorTests.swift */; };
		BAAF27492ADCF82BF62686CA /* HealthKitService.swift in Sources */ = {isa = PBXBuildFile; fileRef = 37181B9FB18AF45A44299F0F /* HealthKitService.swift */; };
		BE538F50FDD4AC5E8444AD9E /* ScreenshotConfig.swift in Sources */ = {isa = PBXBuildFile; fileRef = BA4334C2CE63928C06983EA7 /* ScreenshotConfig.swift */; };
		C032E25CC69C248AA23158D0 /* NotificationService.swift in Sources */ = {isa = PBXBuildFile; fileRef = B2600C40B77EF3FF5126EAFE /* NotificationService.swift */; };
		C0ED7A3AC0364B181E667DC1 /* HealthRecord.swift in Sources */ = {isa = PBXBuildFile; fileRef = 70507ABFBBE3C03F1CFC9053 /* HealthRecord.swift */; };
		C1C931DDB19D68BBBA2FEF0A /* BodyProfileCalculator.swift in Sources */ = {isa = PBXBuildFile; fileRef = D48CEA73D52946D26CCE86AF /* BodyProfileCalculator.swift */; };
		C1E2EC8ECDAB52F888E0DF67 /* Theme.swift in Sources */ = {isa = PBXBuildFile; fileRef = 689672535A7B63A46F54C799 /* Theme.swift */; };
		C1FB86ACB54B9B2B1BD3F3F9 /* StepTrendSummary.swift in Sources */ = {isa = PBXBuildFile; fileRef = 9515296920AC1C61887CCD1C /* StepTrendSummary.swift */; };
		C4A7057EE61818DFBF13CF29 /* DateHelpers.swift in Sources */ = {isa = PBXBuildFile; fileRef = B98E24C6F7550EC4501A69FE /* DateHelpers.swift */; };
		C592AE3EC57D7CE6DBF0E017 /* BodyProfileView.swift in Sources */ = {isa = PBXBuildFile; fileRef = 78CED5DB5D409A61047420A0 /* BodyProfileView.swift */; };
		C742B4921F953970DAA96F52 /* ReviewPromptTracker.swift in Sources */ = {isa = PBXBuildFile; fileRef = 8BA6AECE7D2FEB86748EA85D /* ReviewPromptTracker.swift */; };
		C865D662C3A396B328E3D126 /* CalorieTrendSummaryTests.swift in Sources */ = {isa = PBXBuildFile; fileRef = 3AA5743BEFB90AAF6BA7EB81 /* CalorieTrendSummaryTests.swift */; };
		C8E17F91A696720D76A3AE1B /* WhatsNewSheet.swift in Sources */ = {isa = PBXBuildFile; fileRef = 925043FF9DEE6C7E11D17C4D /* WhatsNewSheet.swift */; };
		CCD0C2EB0256EBD67EF1CB51 /* CalorieTrendSummary.swift in Sources */ = {isa = PBXBuildFile; fileRef = 952AFBE8093B6469EB2E271B /* CalorieTrendSummary.swift */; };
		CD98234BC44E9975E67D3D92 /* AppStoreReviewLinks.swift in Sources */ = {isa = PBXBuildFile; fileRef = D46F96D18B8385758A31EFC6 /* AppStoreReviewLinks.swift */; };
		CE2B191318B310C9FEDDD2CF /* MacroTotals.swift in Sources */ = {isa = PBXBuildFile; fileRef = 7E59FD786F13C21C0F91701C /* MacroTotals.swift */; };
		D072FEB6B36D04967180E894 /* BodyProfileStore.swift in Sources */ = {isa = PBXBuildFile; fileRef = CA5FB56CFC81FAF6AF852A96 /* BodyProfileStore.swift */; };
		D152617AC81B1E8BB49B521C /* PaywallScreenshotMode.swift in Sources */ = {isa = PBXBuildFile; fileRef = 30EBEC3933AF5D264CED0A69 /* PaywallScreenshotMode.swift */; };
		D15647977ED29C1C239288F9 /* EnergyAveragesCalculator.swift in Sources */ = {isa = PBXBuildFile; fileRef = 13B9D5B798B90EA3B5158572 /* EnergyAveragesCalculator.swift */; };
		D1FDAA0819A96D8539917A28 /* EnergyAveragesCacheReader.swift in Sources */ = {isa = PBXBuildFile; fileRef = 139F5B0C64C45205FEFCDD22 /* EnergyAveragesCacheReader.swift */; };
		D256E97021F46CFAAD549760 /* CalorieTrendSummary.swift in Sources */ = {isa = PBXBuildFile; fileRef = 952AFBE8093B6469EB2E271B /* CalorieTrendSummary.swift */; };
		D3679EA6FE8D16EF336052E7 /* Assets.xcassets in Resources */ = {isa = PBXBuildFile; fileRef = 207ADC8FCC7E1328298839A0 /* Assets.xcassets */; };
		D5BDA6A6FBDE94D2D1ADD00A /* HealthRecord.swift in Sources */ = {isa = PBXBuildFile; fileRef = 70507ABFBBE3C03F1CFC9053 /* HealthRecord.swift */; };
		D608D6CA7702D1DE27D51DB3 /* StepTrendSummary.swift in Sources */ = {isa = PBXBuildFile; fileRef = 9515296920AC1C61887CCD1C /* StepTrendSummary.swift */; };
		DADE10451EF2AF23AF682890 /* WeeklyRecapBuilderTests.swift in Sources */ = {isa = PBXBuildFile; fileRef = DBA965A83D5BA425B01A46BC /* WeeklyRecapBuilderTests.swift */; };
		DC24AE05CDB72AFF52FE97A2 /* GoalSettings.swift in Sources */ = {isa = PBXBuildFile; fileRef = B6804EF421C3725E70674D40 /* GoalSettings.swift */; };
		DC70232ABC8F8424A8F1C444 /* App.swift in Sources */ = {isa = PBXBuildFile; fileRef = 78C7498718A96BB0C7A0B880 /* App.swift */; };
		DFEC7CED445526DD11F88757 /* MacroTotals.swift in Sources */ = {isa = PBXBuildFile; fileRef = 7E59FD786F13C21C0F91701C /* MacroTotals.swift */; };
		E05F8EF1DEF21E25F3E7D9F6 /* MacroGoalSelectionTests.swift in Sources */ = {isa = PBXBuildFile; fileRef = E2EDD6A929AC5CB3DFDD1844 /* MacroGoalSelectionTests.swift */; };
		E1550A6559100C2DEE281115 /* SettingsSheetUITests.swift in Sources */ = {isa = PBXBuildFile; fileRef = A4FB7AAE4A4403268B8E315F /* SettingsSheetUITests.swift */; };
		E423A6BC1D2F4FB0E197829B /* MilestoneCalculator.swift in Sources */ = {isa = PBXBuildFile; fileRef = 604A7C1098FB8101FE9A3365 /* MilestoneCalculator.swift */; };
		E48D5DCE8E5EA92DBEA311A3 /* CalorieTrendSummary.swift in Sources */ = {isa = PBXBuildFile; fileRef = 952AFBE8093B6469EB2E271B /* CalorieTrendSummary.swift */; };
		E6E4E983389A2641C8483300 /* DateHelpers.swift in Sources */ = {isa = PBXBuildFile; fileRef = B98E24C6F7550EC4501A69FE /* DateHelpers.swift */; };
		E8752619ACD6DEB73E035A30 /* ReviewPromptTracker.swift in Sources */ = {isa = PBXBuildFile; fileRef = 8BA6AECE7D2FEB86748EA85D /* ReviewPromptTracker.swift */; };
		E89AE59CE020B0D8425D241B /* MilestoneCalculator.swift in Sources */ = {isa = PBXBuildFile; fileRef = 604A7C1098FB8101FE9A3365 /* MilestoneCalculator.swift */; };
		E9C1C6F2822D7E58043F9D18 /* BodyProfileStore.swift in Sources */ = {isa = PBXBuildFile; fileRef = CA5FB56CFC81FAF6AF852A96 /* BodyProfileStore.swift */; };
		E9C8DB2B60225CFE96DDC07A /* MetricNavigation.swift in Sources */ = {isa = PBXBuildFile; fileRef = 4333D6087FE92C563858EF31 /* MetricNavigation.swift */; };
		EBBF589BFA97F19A0C09DF22 /* StepTrendSummary.swift in Sources */ = {isa = PBXBuildFile; fileRef = 9515296920AC1C61887CCD1C /* StepTrendSummary.swift */; };
		EC12F9254ED351B2169E84CD /* SummaryReportGenerator.swift in Sources */ = {isa = PBXBuildFile; fileRef = 12B24F616BC26BFF25C64684 /* SummaryReportGenerator.swift */; };
		EE8FA1155826C0A2643AC014 /* VitalsWidget.swift in Sources */ = {isa = PBXBuildFile; fileRef = F86EC13F0E2855F9288631D7 /* VitalsWidget.swift */; };
		F0618E5224685F79AFB331D9 /* MacroTotals.swift in Sources */ = {isa = PBXBuildFile; fileRef = 7E59FD786F13C21C0F91701C /* MacroTotals.swift */; };
		F0701FB7F0D017EF6CE88DFE /* BodyProfileCalculator.swift in Sources */ = {isa = PBXBuildFile; fileRef = D48CEA73D52946D26CCE86AF /* BodyProfileCalculator.swift */; };
		F24B30BF955387E9D94EB072 /* BodyProfileStore.swift in Sources */ = {isa = PBXBuildFile; fileRef = CA5FB56CFC81FAF6AF852A96 /* BodyProfileStore.swift */; };
		F31C7C2C587EAEDF9B70C692 /* NetDeficitTrendSummary.swift in Sources */ = {isa = PBXBuildFile; fileRef = 4E1B3A87ED318421E4268708 /* NetDeficitTrendSummary.swift */; };
		F8CE32C95ABAE3744A30D432 /* SummaryReportGenerator.swift in Sources */ = {isa = PBXBuildFile; fileRef = 12B24F616BC26BFF25C64684 /* SummaryReportGenerator.swift */; };
		F93415C3586901C55415E5C6 /* ProjectionCalculator.swift in Sources */ = {isa = PBXBuildFile; fileRef = CEE9370DC12BAC7716DA62A5 /* ProjectionCalculator.swift */; };
		FDC255EDF9FC897146209356 /* ProgressRing.swift in Sources */ = {isa = PBXBuildFile; fileRef = 971064F5F952A25427D7F46B /* ProgressRing.swift */; };
		FDD2B3AC4FDAD33746E92A0A /* HistoryView.swift in Sources */ = {isa = PBXBuildFile; fileRef = 82E152DC23E11DAD83864E5A /* HistoryView.swift */; };
		FE5CF05C3EA0D9BD231CB733 /* Assets.xcassets in Resources */ = {isa = PBXBuildFile; fileRef = EA75A0BD07845E85F69ED5F7 /* Assets.xcassets */; };
/* End PBXBuildFile section */

/* Begin PBXContainerItemProxy section */
		A81CD494760A4463511AEAB7 /* PBXContainerItemProxy */ = {
			isa = PBXContainerItemProxy;
			containerPortal = 513ABABE1DF9156E4D5073DC /* Project object */;
			proxyType = 1;
			remoteGlobalIDString = F7D9E69E00CE7AA8C7C7BE09;
			remoteInfo = VitalsWidget;
		};
		BB5B4E7383A33A8F2AF4E8E2 /* PBXContainerItemProxy */ = {
			isa = PBXContainerItemProxy;
			containerPortal = 513ABABE1DF9156E4D5073DC /* Project object */;
			proxyType = 1;
			remoteGlobalIDString = BA7F93B3F4FA48491616A6FE;
			remoteInfo = VitalsWatch;
		};
		F046ABB770AE902853DE44C6 /* PBXContainerItemProxy */ = {
			isa = PBXContainerItemProxy;
			containerPortal = 513ABABE1DF9156E4D5073DC /* Project object */;
			proxyType = 1;
			remoteGlobalIDString = 7F399A17E2AC88E07B83ADE5;
			remoteInfo = Vitals;
		};
		FB3D1498B6BD514E9FC79908 /* PBXContainerItemProxy */ = {
			isa = PBXContainerItemProxy;
			containerPortal = 513ABABE1DF9156E4D5073DC /* Project object */;
			proxyType = 1;
			remoteGlobalIDString = 8CE4321B67221E8301492377;
			remoteInfo = VitalsWatchWidget;
		};
/* End PBXContainerItemProxy section */

/* Begin PBXCopyFilesBuildPhase section */
		2B0C79FEFF647573ED7A4145 /* Embed Watch Content */ = {
			isa = PBXCopyFilesBuildPhase;
			buildActionMask = 2147483647;
			dstPath = "$(CONTENTS_FOLDER_PATH)/Watch";
			dstSubfolderSpec = 16;
			files = (
				B293ED586430ED5D9823E530 /* VitalsWatch.app in Embed Watch Content */,
			);
			name = "Embed Watch Content";
			runOnlyForDeploymentPostprocessing = 0;
		};
		33F22AC153F0390CAB1CE7AA /* Embed Foundation Extensions */ = {
			isa = PBXCopyFilesBuildPhase;
			buildActionMask = 2147483647;
			dstPath = "";
			dstSubfolderSpec = 13;
			files = (
				5196C5E49115471C4A1E267E /* VitalsWatchWidget.appex in Embed Foundation Extensions */,
			);
			name = "Embed Foundation Extensions";
			runOnlyForDeploymentPostprocessing = 0;
		};
		C07BF02E508F8A98BC5024D1 /* Embed Foundation Extensions */ = {
			isa = PBXCopyFilesBuildPhase;
			buildActionMask = 2147483647;
			dstPath = "";
			dstSubfolderSpec = 13;
			files = (
				812F324514C80810810339F9 /* VitalsWidget.appex in Embed Foundation Extensions */,
			);
			name = "Embed Foundation Extensions";
			runOnlyForDeploymentPostprocessing = 0;
		};
/* End PBXCopyFilesBuildPhase section */

/* Begin PBXFileReference section */
		029E0F56D793DA022CCA3D3F /* WeeklyRecap.swift */ = {isa = PBXFileReference; lastKnownFileType = sourcecode.swift; path = WeeklyRecap.swift; sourceTree = "<group>"; };
		0BDBBE9238310745A59DB7C9 /* BodyProfileCalculatorTests.swift */ = {isa = PBXFileReference; lastKnownFileType = sourcecode.swift; path = BodyProfileCalculatorTests.swift; sourceTree = "<group>"; };
		12B24F616BC26BFF25C64684 /* SummaryReportGenerator.swift */ = {isa = PBXFileReference; lastKnownFileType = sourcecode.swift; path = SummaryReportGenerator.swift; sourceTree = "<group>"; };
		139F5B0C64C45205FEFCDD22 /* EnergyAveragesCacheReader.swift */ = {isa = PBXFileReference; lastKnownFileType = sourcecode.swift; path = EnergyAveragesCacheReader.swift; sourceTree = "<group>"; };
		13B9D5B798B90EA3B5158572 /* EnergyAveragesCalculator.swift */ = {isa = PBXFileReference; lastKnownFileType = sourcecode.swift; path = EnergyAveragesCalculator.swift; sourceTree = "<group>"; };
		1CFAFB48ADD8CF9B4DBB796A /* HealthKitLabHarness.swift */ = {isa = PBXFileReference; lastKnownFileType = sourcecode.swift; path = HealthKitLabHarness.swift; sourceTree = "<group>"; };
		207ADC8FCC7E1328298839A0 /* Assets.xcassets */ = {isa = PBXFileReference; lastKnownFileType = folder.assetcatalog; path = Assets.xcassets; sourceTree = "<group>"; };
		28B688A25476BF08977C9AB3 /* VitalsTests.xctest */ = {isa = PBXFileReference; includeInIndex = 0; lastKnownFileType = wrapper.cfbundle; path = VitalsTests.xctest; sourceTree = BUILT_PRODUCTS_DIR; };
		29693CF9343830E2D9DE2029 /* EnergyAveragesCacheReaderTests.swift */ = {isa = PBXFileReference; lastKnownFileType = sourcecode.swift; path = EnergyAveragesCacheReaderTests.swift; sourceTree = "<group>"; };
		2E891A2F146A996DD48C13CD /* VitalsWatchWidget.entitlements */ = {isa = PBXFileReference; lastKnownFileType = text.plist.entitlements; path = VitalsWatchWidget.entitlements; sourceTree = "<group>"; };
		30EBEC3933AF5D264CED0A69 /* PaywallScreenshotMode.swift */ = {isa = PBXFileReference; lastKnownFileType = sourcecode.swift; path = PaywallScreenshotMode.swift; sourceTree = "<group>"; };
		34A3B62274436A07B3C3554E /* MilestoneCalculatorTests.swift */ = {isa = PBXFileReference; lastKnownFileType = sourcecode.swift; path = MilestoneCalculatorTests.swift; sourceTree = "<group>"; };
		37181B9FB18AF45A44299F0F /* HealthKitService.swift */ = {isa = PBXFileReference; lastKnownFileType = sourcecode.swift; path = HealthKitService.swift; sourceTree = "<group>"; };
		3A32F8EB584C5A7B0BD4CA64 /* VitalsConversionCopyTests.swift */ = {isa = PBXFileReference; lastKnownFileType = sourcecode.swift; path = VitalsConversionCopyTests.swift; sourceTree = "<group>"; };
		3AA5743BEFB90AAF6BA7EB81 /* CalorieTrendSummaryTests.swift */ = {isa = PBXFileReference; lastKnownFileType = sourcecode.swift; path = CalorieTrendSummaryTests.swift; sourceTree = "<group>"; };
		4333D6087FE92C563858EF31 /* MetricNavigation.swift */ = {isa = PBXFileReference; lastKnownFileType = sourcecode.swift; path = MetricNavigation.swift; sourceTree = "<group>"; };
		47E5A948D4ECA79121753114 /* VitalsWatchWidget.appex */ = {isa = PBXFileReference; explicitFileType = "wrapper.app-extension"; includeInIndex = 0; path = VitalsWatchWidget.appex; sourceTree = BUILT_PRODUCTS_DIR; };
		4E1B3A87ED318421E4268708 /* NetDeficitTrendSummary.swift */ = {isa = PBXFileReference; lastKnownFileType = sourcecode.swift; path = NetDeficitTrendSummary.swift; sourceTree = "<group>"; };
		5067457F6627E7ABFE38988A /* Vitals.app */ = {isa = PBXFileReference; includeInIndex = 0; lastKnownFileType = wrapper.application; path = Vitals.app; sourceTree = BUILT_PRODUCTS_DIR; };
		5A524F44F2C81B258D1BBE67 /* HealthKitLabUITests.swift */ = {isa = PBXFileReference; lastKnownFileType = sourcecode.swift; path = HealthKitLabUITests.swift; sourceTree = "<group>"; };
		604A7C1098FB8101FE9A3365 /* MilestoneCalculator.swift */ = {isa = PBXFileReference; lastKnownFileType = sourcecode.swift; path = MilestoneCalculator.swift; sourceTree = "<group>"; };
		689672535A7B63A46F54C799 /* Theme.swift */ = {isa = PBXFileReference; lastKnownFileType = sourcecode.swift; path = Theme.swift; sourceTree = "<group>"; };
		6898F91DD5FFFF1700A9C138 /* VitalsWatch.entitlements */ = {isa = PBXFileReference; lastKnownFileType = text.plist.entitlements; path = VitalsWatch.entitlements; sourceTree = "<group>"; };
		6AD1F7952BC07A36A06B012B /* VitalsUITests.xctest */ = {isa = PBXFileReference; includeInIndex = 0; lastKnownFileType = wrapper.cfbundle; path = VitalsUITests.xctest; sourceTree = BUILT_PRODUCTS_DIR; };
		70507ABFBBE3C03F1CFC9053 /* HealthRecord.swift */ = {isa = PBXFileReference; lastKnownFileType = sourcecode.swift; path = HealthRecord.swift; sourceTree = "<group>"; };
		76684FF138F58C3A58A97320 /* StoreService.swift */ = {isa = PBXFileReference; lastKnownFileType = sourcecode.swift; path = StoreService.swift; sourceTree = "<group>"; };
		7800BEFF745F92FF35F9DD7D /* EnergyAveragesCalculatorTests.swift */ = {isa = PBXFileReference; lastKnownFileType = sourcecode.swift; path = EnergyAveragesCalculatorTests.swift; sourceTree = "<group>"; };
		7896892E56FE0D79E979DEE7 /* ProjectionCalculatorTests.swift */ = {isa = PBXFileReference; lastKnownFileType = sourcecode.swift; path = ProjectionCalculatorTests.swift; sourceTree = "<group>"; };
		78C7498718A96BB0C7A0B880 /* App.swift */ = {isa = PBXFileReference; lastKnownFileType = sourcecode.swift; path = App.swift; sourceTree = "<group>"; };
		78CED5DB5D409A61047420A0 /* BodyProfileView.swift */ = {isa = PBXFileReference; lastKnownFileType = sourcecode.swift; path = BodyProfileView.swift; sourceTree = "<group>"; };
		7E59FD786F13C21C0F91701C /* MacroTotals.swift */ = {isa = PBXFileReference; lastKnownFileType = sourcecode.swift; path = MacroTotals.swift; sourceTree = "<group>"; };
		8287269CC5CE093BEF6CBB25 /* PaywallScreenshotHarness.swift */ = {isa = PBXFileReference; lastKnownFileType = sourcecode.swift; path = PaywallScreenshotHarness.swift; sourceTree = "<group>"; };
		82E152DC23E11DAD83864E5A /* HistoryView.swift */ = {isa = PBXFileReference; lastKnownFileType = sourcecode.swift; path = HistoryView.swift; sourceTree = "<group>"; };
		8BA6AECE7D2FEB86748EA85D /* ReviewPromptTracker.swift */ = {isa = PBXFileReference; lastKnownFileType = sourcecode.swift; path = ReviewPromptTracker.swift; sourceTree = "<group>"; };
		91B6F4FE3966882D8D2A9287 /* ReviewPromptSheet.swift */ = {isa = PBXFileReference; lastKnownFileType = sourcecode.swift; path = ReviewPromptSheet.swift; sourceTree = "<group>"; };
		91C056000F5C8A4A19422218 /* Info.plist */ = {isa = PBXFileReference; lastKnownFileType = text.plist; path = Info.plist; sourceTree = "<group>"; };
		925043FF9DEE6C7E11D17C4D /* WhatsNewSheet.swift */ = {isa = PBXFileReference; lastKnownFileType = sourcecode.swift; path = WhatsNewSheet.swift; sourceTree = "<group>"; };
		9515296920AC1C61887CCD1C /* StepTrendSummary.swift */ = {isa = PBXFileReference; lastKnownFileType = sourcecode.swift; path = StepTrendSummary.swift; sourceTree = "<group>"; };
		952AFBE8093B6469EB2E271B /* CalorieTrendSummary.swift */ = {isa = PBXFileReference; lastKnownFileType = sourcecode.swift; path = CalorieTrendSummary.swift; sourceTree = "<group>"; };
		971064F5F952A25427D7F46B /* ProgressRing.swift */ = {isa = PBXFileReference; lastKnownFileType = sourcecode.swift; path = ProgressRing.swift; sourceTree = "<group>"; };
		97EA07C9EE670921AD6405A1 /* Info.plist */ = {isa = PBXFileReference; lastKnownFileType = text.plist; path = Info.plist; sourceTree = "<group>"; };
		9EEC9E7DED1B1E70BAA8F0E1 /* TodayView.swift */ = {isa = PBXFileReference; lastKnownFileType = sourcecode.swift; path = TodayView.swift; sourceTree = "<group>"; };
		A2306ABF7BBFD87A49291EE7 /* PrivacyInfo.xcprivacy */ = {isa = PBXFileReference; path = PrivacyInfo.xcprivacy; sourceTree = "<group>"; };
		A3FFCB6BDEA8A338E3DE8FB1 /* DataService.swift */ = {isa = PBXFileReference; lastKnownFileType = sourcecode.swift; path = DataService.swift; sourceTree = "<group>"; };
		A4FB7AAE4A4403268B8E315F /* SettingsSheetUITests.swift */ = {isa = PBXFileReference; lastKnownFileType = sourcecode.swift; path = SettingsSheetUITests.swift; sourceTree = "<group>"; };
		AB235A6D847F3D1830DA435E /* EnergyAveragesWidget.swift */ = {isa = PBXFileReference; lastKnownFileType = sourcecode.swift; path = EnergyAveragesWidget.swift; sourceTree = "<group>"; };
		ABFC0C99D93138CE93AFFF04 /* VitalsWidget.entitlements */ = {isa = PBXFileReference; lastKnownFileType = text.plist.entitlements; path = VitalsWidget.entitlements; sourceTree = "<group>"; };
		AC24F002AF13CDC4C14F3E96 /* VitalsWidget.appex */ = {isa = PBXFileReference; includeInIndex = 0; lastKnownFileType = "wrapper.app-extension"; path = VitalsWidget.appex; sourceTree = BUILT_PRODUCTS_DIR; };
		AF63533B3E56E5C3FBE91384 /* BodyProfile.swift */ = {isa = PBXFileReference; lastKnownFileType = sourcecode.swift; path = BodyProfile.swift; sourceTree = "<group>"; };
		B2600C40B77EF3FF5126EAFE /* NotificationService.swift */ = {isa = PBXFileReference; lastKnownFileType = sourcecode.swift; path = NotificationService.swift; sourceTree = "<group>"; };
		B6804EF421C3725E70674D40 /* GoalSettings.swift */ = {isa = PBXFileReference; lastKnownFileType = sourcecode.swift; path = GoalSettings.swift; sourceTree = "<group>"; };
		B8F1FB17511E85720FB3545D /* VitalsConversionCopy.swift */ = {isa = PBXFileReference; lastKnownFileType = sourcecode.swift; path = VitalsConversionCopy.swift; sourceTree = "<group>"; };
		B98E24C6F7550EC4501A69FE /* DateHelpers.swift */ = {isa = PBXFileReference; lastKnownFileType = sourcecode.swift; path = DateHelpers.swift; sourceTree = "<group>"; };
		BA4334C2CE63928C06983EA7 /* ScreenshotConfig.swift */ = {isa = PBXFileReference; lastKnownFileType = sourcecode.swift; path = ScreenshotConfig.swift; sourceTree = "<group>"; };
		BB4287B137F6F3AD1263CD07 /* MacroTotalsTests.swift */ = {isa = PBXFileReference; lastKnownFileType = sourcecode.swift; path = MacroTotalsTests.swift; sourceTree = "<group>"; };
		BB68B0FAC8D1E8A883919106 /* Vitals.storekit */ = {isa = PBXFileReference; path = Vitals.storekit; sourceTree = "<group>"; };
		BFEC52C3FC9793813DF64549 /* DashboardView.swift */ = {isa = PBXFileReference; lastKnownFileType = sourcecode.swift; path = DashboardView.swift; sourceTree = "<group>"; };
		C395EAE504DCAD8464C29AC9 /* PaywallView.swift */ = {isa = PBXFileReference; lastKnownFileType = sourcecode.swift; path = PaywallView.swift; sourceTree = "<group>"; };
		C9B9F018B1D8859226963C63 /* WeeklyRecapView.swift */ = {isa = PBXFileReference; lastKnownFileType = sourcecode.swift; path = WeeklyRecapView.swift; sourceTree = "<group>"; };
		CA5FB56CFC81FAF6AF852A96 /* BodyProfileStore.swift */ = {isa = PBXFileReference; lastKnownFileType = sourcecode.swift; path = BodyProfileStore.swift; sourceTree = "<group>"; };
		CEE9370DC12BAC7716DA62A5 /* ProjectionCalculator.swift */ = {isa = PBXFileReference; lastKnownFileType = sourcecode.swift; path = ProjectionCalculator.swift; sourceTree = "<group>"; };
		D46F96D18B8385758A31EFC6 /* AppStoreReviewLinks.swift */ = {isa = PBXFileReference; lastKnownFileType = sourcecode.swift; path = AppStoreReviewLinks.swift; sourceTree = "<group>"; };
		D48CEA73D52946D26CCE86AF /* BodyProfileCalculator.swift */ = {isa = PBXFileReference; lastKnownFileType = sourcecode.swift; path = BodyProfileCalculator.swift; sourceTree = "<group>"; };
		DBA965A83D5BA425B01A46BC /* WeeklyRecapBuilderTests.swift */ = {isa = PBXFileReference; lastKnownFileType = sourcecode.swift; path = WeeklyRecapBuilderTests.swift; sourceTree = "<group>"; };
		DE8F114B3CE1940662993978 /* VitalsWatch.app */ = {isa = PBXFileReference; explicitFileType = wrapper.application; includeInIndex = 0; path = VitalsWatch.app; sourceTree = BUILT_PRODUCTS_DIR; };
		E2EDD6A929AC5CB3DFDD1844 /* MacroGoalSelectionTests.swift */ = {isa = PBXFileReference; lastKnownFileType = sourcecode.swift; path = MacroGoalSelectionTests.swift; sourceTree = "<group>"; };
		EA172BB16DF599334E29D1F6 /* WatchComplication.swift */ = {isa = PBXFileReference; lastKnownFileType = sourcecode.swift; path = WatchComplication.swift; sourceTree = "<group>"; };
		EA4AA93605DC7A1B0929C002 /* Info.plist */ = {isa = PBXFileReference; lastKnownFileType = text.plist; path = Info.plist; sourceTree = "<group>"; };
		EA75A0BD07845E85F69ED5F7 /* Assets.xcassets */ = {isa = PBXFileReference; lastKnownFileType = folder.assetcatalog; path = Assets.xcassets; sourceTree = "<group>"; };
		ECDEB69876935A084FB689CF /* WhatsNew.swift */ = {isa = PBXFileReference; lastKnownFileType = sourcecode.swift; path = WhatsNew.swift; sourceTree = "<group>"; };
		ECFC80E117FB844B9B2FB043 /* App.swift */ = {isa = PBXFileReference; lastKnownFileType = sourcecode.swift; path = App.swift; sourceTree = "<group>"; };
		F86EC13F0E2855F9288631D7 /* VitalsWidget.swift */ = {isa = PBXFileReference; lastKnownFileType = sourcecode.swift; path = VitalsWidget.swift; sourceTree = "<group>"; };
		FA098EAFC93DFDA55DE72ED4 /* Info.plist */ = {isa = PBXFileReference; lastKnownFileType = text.plist; path = Info.plist; sourceTree = "<group>"; };
		FB79EE935FF815B366FB6D27 /* PrivacyInfo.xcprivacy */ = {isa = PBXFileReference; path = PrivacyInfo.xcprivacy; sourceTree = "<group>"; };
		FEDFD029845EFE870D5493E8 /* Vitals.entitlements */ = {isa = PBXFileReference; lastKnownFileType = text.plist.entitlements; path = Vitals.entitlements; sourceTree = "<group>"; };
		FFAF11B005DB797877D60FDA /* SummaryReportView.swift */ = {isa = PBXFileReference; lastKnownFileType = sourcecode.swift; path = SummaryReportView.swift; sourceTree = "<group>"; };
/* End PBXFileReference section */

/* Begin PBXFrameworksBuildPhase section */
		32785C7FF2EBE9F17A906625 /* Frameworks */ = {
			isa = PBXFrameworksBuildPhase;
			buildActionMask = 2147483647;
			files = (
				9032987B70D7BDD245847674 /* RevenueCat in Frameworks */,
			);
			runOnlyForDeploymentPostprocessing = 0;
		};
		7D21FF13D31E6DB54E0F603E /* Frameworks */ = {
			isa = PBXFrameworksBuildPhase;
			buildActionMask = 2147483647;
			files = (
				9D87A125DF44027A99B6F95C /* RevenueCat in Frameworks */,
			);
			runOnlyForDeploymentPostprocessing = 0;
		};
		E06F6D51E7ED47675981DF97 /* Frameworks */ = {
			isa = PBXFrameworksBuildPhase;
			buildActionMask = 2147483647;
			files = (
				4FBF9EE01E511884BC6AF2E0 /* RevenueCat in Frameworks */,
			);
			runOnlyForDeploymentPostprocessing = 0;
		};
		F699B9337B20E4CDBF3D0E3B /* Frameworks */ = {
			isa = PBXFrameworksBuildPhase;
			buildActionMask = 2147483647;
			files = (
				57D9788CF5A8A5EF253767CC /* RevenueCat in Frameworks */,
			);
			runOnlyForDeploymentPostprocessing = 0;
		};
/* End PBXFrameworksBuildPhase section */

/* Begin PBXGroup section */
		0AB84DC73288E61173AF16FD /* Components */ = {
			isa = PBXGroup;
			children = (
				4333D6087FE92C563858EF31 /* MetricNavigation.swift */,
				971064F5F952A25427D7F46B /* ProgressRing.swift */,
			);
			path = Components;
			sourceTree = "<group>";
		};
		13C7D97F3FF103D58EE1A604 /* VitalsWatch */ = {
			isa = PBXGroup;
			children = (
				ECFC80E117FB844B9B2FB043 /* App.swift */,
				207ADC8FCC7E1328298839A0 /* Assets.xcassets */,
				97EA07C9EE670921AD6405A1 /* Info.plist */,
				FB79EE935FF815B366FB6D27 /* PrivacyInfo.xcprivacy */,
				6898F91DD5FFFF1700A9C138 /* VitalsWatch.entitlements */,
				229634990DFCDF5DD518DB01 /* Views */,
			);
			path = VitalsWatch;
			sourceTree = "<group>";
		};
		229634990DFCDF5DD518DB01 /* Views */ = {
			isa = PBXGroup;
			children = (
				9EEC9E7DED1B1E70BAA8F0E1 /* TodayView.swift */,
			);
			path = Views;
			sourceTree = "<group>";
		};
		301E5653E037D208D48F8802 /* VitalsUITests */ = {
			isa = PBXGroup;
			children = (
				5A524F44F2C81B258D1BBE67 /* HealthKitLabUITests.swift */,
				A4FB7AAE4A4403268B8E315F /* SettingsSheetUITests.swift */,
			);
			path = VitalsUITests;
			sourceTree = "<group>";
		};
		3D513A1688AD29F5A1E012B7 /* VitalsWidget */ = {
			isa = PBXGroup;
			children = (
				AB235A6D847F3D1830DA435E /* EnergyAveragesWidget.swift */,
				91C056000F5C8A4A19422218 /* Info.plist */,
				ABFC0C99D93138CE93AFFF04 /* VitalsWidget.entitlements */,
				F86EC13F0E2855F9288631D7 /* VitalsWidget.swift */,
			);
			path = VitalsWidget;
			sourceTree = "<group>";
		};
		3FCD05611496A7067563B282 /* Views */ = {
			isa = PBXGroup;
			children = (
				78CED5DB5D409A61047420A0 /* BodyProfileView.swift */,
				BFEC52C3FC9793813DF64549 /* DashboardView.swift */,
				82E152DC23E11DAD83864E5A /* HistoryView.swift */,
				8287269CC5CE093BEF6CBB25 /* PaywallScreenshotHarness.swift */,
				C395EAE504DCAD8464C29AC9 /* PaywallView.swift */,
				91B6F4FE3966882D8D2A9287 /* ReviewPromptSheet.swift */,
				FFAF11B005DB797877D60FDA /* SummaryReportView.swift */,
				C9B9F018B1D8859226963C63 /* WeeklyRecapView.swift */,
				925043FF9DEE6C7E11D17C4D /* WhatsNewSheet.swift */,
				0AB84DC73288E61173AF16FD /* Components */,
			);
			path = Views;
			sourceTree = "<group>";
		};
		594BE607618B09E1FB59008F /* Utilities */ = {
			isa = PBXGroup;
			children = (
				D46F96D18B8385758A31EFC6 /* AppStoreReviewLinks.swift */,
				D48CEA73D52946D26CCE86AF /* BodyProfileCalculator.swift */,
				B98E24C6F7550EC4501A69FE /* DateHelpers.swift */,
				139F5B0C64C45205FEFCDD22 /* EnergyAveragesCacheReader.swift */,
				13B9D5B798B90EA3B5158572 /* EnergyAveragesCalculator.swift */,
				604A7C1098FB8101FE9A3365 /* MilestoneCalculator.swift */,
				CEE9370DC12BAC7716DA62A5 /* ProjectionCalculator.swift */,
				BA4334C2CE63928C06983EA7 /* ScreenshotConfig.swift */,
				689672535A7B63A46F54C799 /* Theme.swift */,
				B8F1FB17511E85720FB3545D /* VitalsConversionCopy.swift */,
				029E0F56D793DA022CCA3D3F /* WeeklyRecap.swift */,
				ECDEB69876935A084FB689CF /* WhatsNew.swift */,
			);
			path = Utilities;
			sourceTree = "<group>";
		};
		5B70716389548B6ED5D2F486 /* VitalsTests */ = {
			isa = PBXGroup;
			children = (
				0BDBBE9238310745A59DB7C9 /* BodyProfileCalculatorTests.swift */,
				3AA5743BEFB90AAF6BA7EB81 /* CalorieTrendSummaryTests.swift */,
				29693CF9343830E2D9DE2029 /* EnergyAveragesCacheReaderTests.swift */,
				7800BEFF745F92FF35F9DD7D /* EnergyAveragesCalculatorTests.swift */,
				E2EDD6A929AC5CB3DFDD1844 /* MacroGoalSelectionTests.swift */,
				BB4287B137F6F3AD1263CD07 /* MacroTotalsTests.swift */,
				34A3B62274436A07B3C3554E /* MilestoneCalculatorTests.swift */,
				7896892E56FE0D79E979DEE7 /* ProjectionCalculatorTests.swift */,
				3A32F8EB584C5A7B0BD4CA64 /* VitalsConversionCopyTests.swift */,
				DBA965A83D5BA425B01A46BC /* WeeklyRecapBuilderTests.swift */,
			);
			path = VitalsTests;
			sourceTree = "<group>";
		};
		760BA1666CEB8102A35FBB69 /* Products */ = {
			isa = PBXGroup;
			children = (
				5067457F6627E7ABFE38988A /* Vitals.app */,
				28B688A25476BF08977C9AB3 /* VitalsTests.xctest */,
				6AD1F7952BC07A36A06B012B /* VitalsUITests.xctest */,
				DE8F114B3CE1940662993978 /* VitalsWatch.app */,
				47E5A948D4ECA79121753114 /* VitalsWatchWidget.appex */,
				AC24F002AF13CDC4C14F3E96 /* VitalsWidget.appex */,
			);
			name = Products;
			sourceTree = "<group>";
		};
		81B356B319B0F758FE949740 /* VitalsWatchWidget */ = {
			isa = PBXGroup;
			children = (
				FA098EAFC93DFDA55DE72ED4 /* Info.plist */,
				2E891A2F146A996DD48C13CD /* VitalsWatchWidget.entitlements */,
				EA172BB16DF599334E29D1F6 /* WatchComplication.swift */,
			);
			path = VitalsWatchWidget;
			sourceTree = "<group>";
		};
		904AAFDA9E19B54ED7FF0EA9 /* Services */ = {
			isa = PBXGroup;
			children = (
				CA5FB56CFC81FAF6AF852A96 /* BodyProfileStore.swift */,
				A3FFCB6BDEA8A338E3DE8FB1 /* DataService.swift */,
				B6804EF421C3725E70674D40 /* GoalSettings.swift */,
				37181B9FB18AF45A44299F0F /* HealthKitService.swift */,
				B2600C40B77EF3FF5126EAFE /* NotificationService.swift */,
				8BA6AECE7D2FEB86748EA85D /* ReviewPromptTracker.swift */,
				76684FF138F58C3A58A97320 /* StoreService.swift */,
				12B24F616BC26BFF25C64684 /* SummaryReportGenerator.swift */,
			);
			path = Services;
			sourceTree = "<group>";
		};
		96ED5573BB0D87645AC7FE54 = {
			isa = PBXGroup;
			children = (
				BB68B0FAC8D1E8A883919106 /* Vitals.storekit */,
				C40233C79C2275CC382EA631 /* Shared */,
				B97418C2E759BA3B9EC264C3 /* Vitals */,
				5B70716389548B6ED5D2F486 /* VitalsTests */,
				301E5653E037D208D48F8802 /* VitalsUITests */,
				13C7D97F3FF103D58EE1A604 /* VitalsWatch */,
				81B356B319B0F758FE949740 /* VitalsWatchWidget */,
				3D513A1688AD29F5A1E012B7 /* VitalsWidget */,
				760BA1666CEB8102A35FBB69 /* Products */,
			);
			sourceTree = "<group>";
		};
		B5281E31C8A35F6F773DAE4A /* Utilities */ = {
			isa = PBXGroup;
			children = (
				30EBEC3933AF5D264CED0A69 /* PaywallScreenshotMode.swift */,
			);
			path = Utilities;
			sourceTree = "<group>";
		};
		B97418C2E759BA3B9EC264C3 /* Vitals */ = {
			isa = PBXGroup;
			children = (
				78C7498718A96BB0C7A0B880 /* App.swift */,
				EA75A0BD07845E85F69ED5F7 /* Assets.xcassets */,
				EA4AA93605DC7A1B0929C002 /* Info.plist */,
				A2306ABF7BBFD87A49291EE7 /* PrivacyInfo.xcprivacy */,
				FEDFD029845EFE870D5493E8 /* Vitals.entitlements */,
				CA0215C7D63A9C794C6D9C15 /* Debug */,
				B5281E31C8A35F6F773DAE4A /* Utilities */,
				3FCD05611496A7067563B282 /* Views */,
			);
			path = Vitals;
			sourceTree = "<group>";
		};
		C40233C79C2275CC382EA631 /* Shared */ = {
			isa = PBXGroup;
			children = (
				E83033D1EACD5F013E76433B /* Models */,
				904AAFDA9E19B54ED7FF0EA9 /* Services */,
				594BE607618B09E1FB59008F /* Utilities */,
			);
			path = Shared;
			sourceTree = "<group>";
		};
		CA0215C7D63A9C794C6D9C15 /* Debug */ = {
			isa = PBXGroup;
			children = (
				1CFAFB48ADD8CF9B4DBB796A /* HealthKitLabHarness.swift */,
			);
			path = Debug;
			sourceTree = "<group>";
		};
		E83033D1EACD5F013E76433B /* Models */ = {
			isa = PBXGroup;
			children = (
				AF63533B3E56E5C3FBE91384 /* BodyProfile.swift */,
				952AFBE8093B6469EB2E271B /* CalorieTrendSummary.swift */,
				70507ABFBBE3C03F1CFC9053 /* HealthRecord.swift */,
				7E59FD786F13C21C0F91701C /* MacroTotals.swift */,
				4E1B3A87ED318421E4268708 /* NetDeficitTrendSummary.swift */,
				9515296920AC1C61887CCD1C /* StepTrendSummary.swift */,
			);
			path = Models;
			sourceTree = "<group>";
		};
/* End PBXGroup section */

/* Begin PBXNativeTarget section */
		7EB7E4D973233A77BEED96AF /* VitalsUITests */ = {
			isa = PBXNativeTarget;
			buildConfigurationList = 604780B4ACA68A8805AF7DB2 /* Build configuration list for PBXNativeTarget "VitalsUITests" */;
			buildPhases = (
				B3B88F7BF1CDF036BBC3A458 /* Sources */,
			);
			buildRules = (
			);
			dependencies = (
				DFFF8F68CCE451DCE903BA8B /* PBXTargetDependency */,
			);
			name = VitalsUITests;
			packageProductDependencies = (
			);
			productName = VitalsUITests;
			productReference = 6AD1F7952BC07A36A06B012B /* VitalsUITests.xctest */;
			productType = "com.apple.product-type.bundle.ui-testing";
		};
		7F399A17E2AC88E07B83ADE5 /* Vitals */ = {
			isa = PBXNativeTarget;
			buildConfigurationList = A0FFE089E393AFB408B10C58 /* Build configuration list for PBXNativeTarget "Vitals" */;
			buildPhases = (
				E2B5FAF8C998DA77EEB97062 /* Sources */,
				617A97A5D0BD0F30C657225F /* Resources */,
				32785C7FF2EBE9F17A906625 /* Frameworks */,
				C07BF02E508F8A98BC5024D1 /* Embed Foundation Extensions */,
				2B0C79FEFF647573ED7A4145 /* Embed Watch Content */,
			);
			buildRules = (
			);
			dependencies = (
				0348D73FDE4D82204F98C98C /* PBXTargetDependency */,
				0ECD67948A6FF7039342FA73 /* PBXTargetDependency */,
			);
			name = Vitals;
			packageProductDependencies = (
				B25E8EC0600130AD108B5EED /* RevenueCat */,
			);
			productName = Vitals;
			productReference = 5067457F6627E7ABFE38988A /* Vitals.app */;
			productType = "com.apple.product-type.application";
		};
		8CE4321B67221E8301492377 /* VitalsWatchWidget */ = {
			isa = PBXNativeTarget;
			buildConfigurationList = 05A94D0CEF68207FDBEDFBEC /* Build configuration list for PBXNativeTarget "VitalsWatchWidget" */;
			buildPhases = (
				85FB71D25041E33EE6FAFC51 /* Sources */,
				F699B9337B20E4CDBF3D0E3B /* Frameworks */,
			);
			buildRules = (
			);
			dependencies = (
			);
			name = VitalsWatchWidget;
			packageProductDependencies = (
				76716C987A1696CB0AAA0719 /* RevenueCat */,
			);
			productName = VitalsWatchWidget;
			productReference = 47E5A948D4ECA79121753114 /* VitalsWatchWidget.appex */;
			productType = "com.apple.product-type.app-extension";
		};
		BA7F93B3F4FA48491616A6FE /* VitalsWatch */ = {
			isa = PBXNativeTarget;
			buildConfigurationList = CDA263AD61FBC00EFB71421A /* Build configuration list for PBXNativeTarget "VitalsWatch" */;
			buildPhases = (
				06D4220970AD3BAEAAA50F64 /* Sources */,
				26CAF9528CEF6DB42FA67F0B /* Resources */,
				7D21FF13D31E6DB54E0F603E /* Frameworks */,
				33F22AC153F0390CAB1CE7AA /* Embed Foundation Extensions */,
			);
			buildRules = (
			);
			dependencies = (
				758DB24DCFEAF5C44E6DC9EA /* PBXTargetDependency */,
			);
			name = VitalsWatch;
			packageProductDependencies = (
				B90E4BEF66FC94CCEA5F5D95 /* RevenueCat */,
			);
			productName = VitalsWatch;
			productReference = DE8F114B3CE1940662993978 /* VitalsWatch.app */;
			productType = "com.apple.product-type.application";
		};
		EF698115BC31C3766ED148BA /* VitalsTests */ = {
			isa = PBXNativeTarget;
			buildConfigurationList = 7EC310382ED2851563314C65 /* Build configuration list for PBXNativeTarget "VitalsTests" */;
			buildPhases = (
				8BB0A15AAA47A51F3CB75BEA /* Sources */,
			);
			buildRules = (
			);
			dependencies = (
			);
			name = VitalsTests;
			packageProductDependencies = (
			);
			productName = VitalsTests;
			productReference = 28B688A25476BF08977C9AB3 /* VitalsTests.xctest */;
			productType = "com.apple.product-type.bundle.unit-test";
		};
		F7D9E69E00CE7AA8C7C7BE09 /* VitalsWidget */ = {
			isa = PBXNativeTarget;
			buildConfigurationList = DC56BB572A4150027D57F9FF /* Build configuration list for PBXNativeTarget "VitalsWidget" */;
			buildPhases = (
				8B0D96751E7284E7FDC5B7F1 /* Sources */,
				E06F6D51E7ED47675981DF97 /* Frameworks */,
			);
			buildRules = (
			);
			dependencies = (
			);
			name = VitalsWidget;
			packageProductDependencies = (
				118A9A273E0B43DBA3FC7360 /* RevenueCat */,
			);
			productName = VitalsWidget;
			productReference = AC24F002AF13CDC4C14F3E96 /* VitalsWidget.appex */;
			productType = "com.apple.product-type.app-extension";
		};
/* End PBXNativeTarget section */

/* Begin PBXProject section */
		513ABABE1DF9156E4D5073DC /* Project object */ = {
			isa = PBXProject;
			attributes = {
				BuildIndependentTargetsInParallel = YES;
				LastUpgradeCheck = 1600;
				TargetAttributes = {
					7EB7E4D973233A77BEED96AF = {
						DevelopmentTeam = YXG4MP6W39;
						ProvisioningStyle = Automatic;
						TestTargetID = 7F399A17E2AC88E07B83ADE5;
					};
					7F399A17E2AC88E07B83ADE5 = {
						DevelopmentTeam = YXG4MP6W39;
						ProvisioningStyle = Automatic;
					};
					8CE4321B67221E8301492377 = {
						DevelopmentTeam = YXG4MP6W39;
						ProvisioningStyle = Automatic;
					};
					BA7F93B3F4FA48491616A6FE = {
						DevelopmentTeam = YXG4MP6W39;
						ProvisioningStyle = Automatic;
					};
					EF698115BC31C3766ED148BA = {
						DevelopmentTeam = YXG4MP6W39;
						ProvisioningStyle = Automatic;
					};
					F7D9E69E00CE7AA8C7C7BE09 = {
						DevelopmentTeam = YXG4MP6W39;
						ProvisioningStyle = Automatic;
					};
				};
			};
			buildConfigurationList = 4B4108913EE2CFBE5A266581 /* Build configuration list for PBXProject "Vitals" */;
			developmentRegion = en;
			hasScannedForEncodings = 0;
			knownRegions = (
				Base,
				en,
			);
			mainGroup = 96ED5573BB0D87645AC7FE54;
			minimizedProjectReferenceProxies = 1;
			packageReferences = (
				74B952302F181D760C3E4D7A /* XCRemoteSwiftPackageReference "purchases-ios-spm" */,
			);
			preferredProjectObjectVersion = 77;
			productRefGroup = 760BA1666CEB8102A35FBB69 /* Products */;
			projectDirPath = "";
			projectRoot = "";
			targets = (
				7F399A17E2AC88E07B83ADE5 /* Vitals */,
				EF698115BC31C3766ED148BA /* VitalsTests */,
				7EB7E4D973233A77BEED96AF /* VitalsUITests */,
				BA7F93B3F4FA48491616A6FE /* VitalsWatch */,
				8CE4321B67221E8301492377 /* VitalsWatchWidget */,
				F7D9E69E00CE7AA8C7C7BE09 /* VitalsWidget */,
			);
		};
/* End PBXProject section */

/* Begin PBXResourcesBuildPhase section */
		26CAF9528CEF6DB42FA67F0B /* Resources */ = {
			isa = PBXResourcesBuildPhase;
			buildActionMask = 2147483647;
			files = (
				D3679EA6FE8D16EF336052E7 /* Assets.xcassets in Resources */,
				B40E7B002F3BECDCDAAE0925 /* PrivacyInfo.xcprivacy in Resources */,
			);
			runOnlyForDeploymentPostprocessing = 0;
		};
		617A97A5D0BD0F30C657225F /* Resources */ = {
			isa = PBXResourcesBuildPhase;
			buildActionMask = 2147483647;
			files = (
				FE5CF05C3EA0D9BD231CB733 /* Assets.xcassets in Resources */,
				906DF508C80FAF1F80DCF0FC /* PrivacyInfo.xcprivacy in Resources */,
				4F22514B219ED34BF056FB0B /* Vitals.storekit in Resources */,
			);
			runOnlyForDeploymentPostprocessing = 0;
		};
/* End PBXResourcesBuildPhase section */

/* Begin PBXSourcesBuildPhase section */
		06D4220970AD3BAEAAA50F64 /* Sources */ = {
			isa = PBXSourcesBuildPhase;
			buildActionMask = 2147483647;
			files = (
				109116DACEADF5842B690C38 /* App.swift in Sources */,
				8A78DE17AF752A889D4CBEDF /* AppStoreReviewLinks.swift in Sources */,
				3612F4B85AA20DDF2653520E /* BodyProfile.swift in Sources */,
				3251D5DFBDA27B783F936942 /* BodyProfileCalculator.swift in Sources */,
				740EF1A0AF5784849B5E6E40 /* BodyProfileStore.swift in Sources */,
				7F8EA31FF10615BC980C2176 /* CalorieTrendSummary.swift in Sources */,
				0A15A50AFA7DC19834C3D106 /* DataService.swift in Sources */,
				E6E4E983389A2641C8483300 /* DateHelpers.swift in Sources */,
				092683E9BED34955A9F019E8 /* EnergyAveragesCacheReader.swift in Sources */,
				A0599F43FA61D1DE21C89711 /* EnergyAveragesCalculator.swift in Sources */,
				1039A99017046E5F1A2DAAF2 /* GoalSettings.swift in Sources */,
				75A6835298F7F33CA2EF9884 /* HealthKitService.swift in Sources */,
				24248C5CD47908B7188B3783 /* HealthRecord.swift in Sources */,
				571E00AC73E437A72612B03F /* MacroTotals.swift in Sources */,
				5254E1C16D6264C3C52BFC82 /* MilestoneCalculator.swift in Sources */,
				F31C7C2C587EAEDF9B70C692 /* NetDeficitTrendSummary.swift in Sources */,
				162F6C3B386295BF2B5DE297 /* NotificationService.swift in Sources */,
				0EA5DC155C32F07931E96361 /* ProjectionCalculator.swift in Sources */,
				4BE509D428F57F520F085EB8 /* ReviewPromptTracker.swift in Sources */,
				BE538F50FDD4AC5E8444AD9E /* ScreenshotConfig.swift in Sources */,
				C1FB86ACB54B9B2B1BD3F3F9 /* StepTrendSummary.swift in Sources */,
				617825BD1AA2773359640926 /* StoreService.swift in Sources */,
				7EC89CE57159173F05547146 /* SummaryReportGenerator.swift in Sources */,
				6BD5AEA6B71B870CC53605AF /* Theme.swift in Sources */,
				9F43DA0F666C0671FD71FD2D /* TodayView.swift in Sources */,
				93B99EBF212EE7E85A345BFB /* VitalsConversionCopy.swift in Sources */,
				83834D0183EE3C6C75DC281A /* WeeklyRecap.swift in Sources */,
				3CCD75E1FA3C81E847625602 /* WhatsNew.swift in Sources */,
			);
			runOnlyForDeploymentPostprocessing = 0;
		};
		85FB71D25041E33EE6FAFC51 /* Sources */ = {
			isa = PBXSourcesBuildPhase;
			buildActionMask = 2147483647;
			files = (
				76401E76BB8856935CBC1A05 /* AppStoreReviewLinks.swift in Sources */,
				702043F0180810E60AA7D611 /* BodyProfile.swift in Sources */,
				F0701FB7F0D017EF6CE88DFE /* BodyProfileCalculator.swift in Sources */,
				D072FEB6B36D04967180E894 /* BodyProfileStore.swift in Sources */,
				D256E97021F46CFAAD549760 /* CalorieTrendSummary.swift in Sources */,
				8BA4236445D489D8CCF15852 /* DataService.swift in Sources */,
				C4A7057EE61818DFBF13CF29 /* DateHelpers.swift in Sources */,
				4C89ACF9C1CCC81A3687D734 /* EnergyAveragesCacheReader.swift in Sources */,
				B19D140773617085D5DD3705 /* EnergyAveragesCalculator.swift in Sources */,
				72DEDC8616FEE6109AF0E931 /* GoalSettings.swift in Sources */,
				73E57B5289F6A146D19D6011 /* HealthKitService.swift in Sources */,
				1E006B2434ECB58F1D51CB19 /* HealthRecord.swift in Sources */,
				CE2B191318B310C9FEDDD2CF /* MacroTotals.swift in Sources */,
				B656BB1CBDA939A0FF8964E2 /* MilestoneCalculator.swift in Sources */,
				09743D7BE9223C40B5B56D88 /* NetDeficitTrendSummary.swift in Sources */,
				0300E24894022A49E65EC41C /* NotificationService.swift in Sources */,
				F93415C3586901C55415E5C6 /* ProjectionCalculator.swift in Sources */,
				C742B4921F953970DAA96F52 /* ReviewPromptTracker.swift in Sources */,
				AC9FF372460EE54FE7F7183D /* ScreenshotConfig.swift in Sources */,
				A18836B7544E3EA896EE185D /* StepTrendSummary.swift in Sources */,
				30437D974CBD8715E532AC69 /* StoreService.swift in Sources */,
				81C933EB24E9765C818A3B65 /* SummaryReportGenerator.swift in Sources */,
				C1E2EC8ECDAB52F888E0DF67 /* Theme.swift in Sources */,
				764A0B6420616E3DF6CF40D9 /* VitalsConversionCopy.swift in Sources */,
				432DF5A74580379C50D494D4 /* WatchComplication.swift in Sources */,
				5450A8FED9047F0622566FF1 /* WeeklyRecap.swift in Sources */,
				10BDA0BB88C0FE98670538C0 /* WhatsNew.swift in Sources */,
			);
			runOnlyForDeploymentPostprocessing = 0;
		};
		8B0D96751E7284E7FDC5B7F1 /* Sources */ = {
			isa = PBXSourcesBuildPhase;
			buildActionMask = 2147483647;
			files = (
				CD98234BC44E9975E67D3D92 /* AppStoreReviewLinks.swift in Sources */,
				043F3422554E02BFF53D0512 /* BodyProfile.swift in Sources */,
				C1C931DDB19D68BBBA2FEF0A /* BodyProfileCalculator.swift in Sources */,
				F24B30BF955387E9D94EB072 /* BodyProfileStore.swift in Sources */,
				E48D5DCE8E5EA92DBEA311A3 /* CalorieTrendSummary.swift in Sources */,
				6B88B53A4076BB378D0F2087 /* DataService.swift in Sources */,
				3739688FF9473C63ECADC605 /* DateHelpers.swift in Sources */,
				0F7763F8656888538697E138 /* EnergyAveragesCacheReader.swift in Sources */,
				16F8288C5254F2E00C920180 /* EnergyAveragesCalculator.swift in Sources */,
				9DBD04B252D8A3D651BF2F8C /* EnergyAveragesWidget.swift in Sources */,
				DC24AE05CDB72AFF52FE97A2 /* GoalSettings.swift in Sources */,
				7DE03846B38547D81722040A /* HealthKitService.swift in Sources */,
				D5BDA6A6FBDE94D2D1ADD00A /* HealthRecord.swift in Sources */,
				F0618E5224685F79AFB331D9 /* MacroTotals.swift in Sources */,
				E89AE59CE020B0D8425D241B /* MilestoneCalculator.swift in Sources */,
				48F82FDD56F577609761DC28 /* NetDeficitTrendSummary.swift in Sources */,
				C032E25CC69C248AA23158D0 /* NotificationService.swift in Sources */,
				138D52C1CFAA32B0216DD8B9 /* ProjectionCalculator.swift in Sources */,
				2E1443936EFA4C5DC1329871 /* ReviewPromptTracker.swift in Sources */,
				33A7D4611A50027B3C977301 /* ScreenshotConfig.swift in Sources */,
				EBBF589BFA97F19A0C09DF22 /* StepTrendSummary.swift in Sources */,
				7F455AC1D9325C3C9C70D799 /* StoreService.swift in Sources */,
				F8CE32C95ABAE3744A30D432 /* SummaryReportGenerator.swift in Sources */,
				AD560B74ECBF3CAD26A75026 /* Theme.swift in Sources */,
				6CBFC060DEDD8AB1E6C1B2A7 /* VitalsConversionCopy.swift in Sources */,
				EE8FA1155826C0A2643AC014 /* VitalsWidget.swift in Sources */,
				7FA16EBD57D726CBF0C98B36 /* WeeklyRecap.swift in Sources */,
				14691A7E11A16B2075B40075 /* WhatsNew.swift in Sources */,
			);
			runOnlyForDeploymentPostprocessing = 0;
		};
		8BB0A15AAA47A51F3CB75BEA /* Sources */ = {
			isa = PBXSourcesBuildPhase;
			buildActionMask = 2147483647;
			files = (
				423196E97EF3B427C6AECB7F /* BodyProfile.swift in Sources */,
				3841B2D5C20BC535A5546777 /* BodyProfileCalculator.swift in Sources */,
				45A64EA799CE9D068752EC43 /* BodyProfileCalculatorTests.swift in Sources */,
				CCD0C2EB0256EBD67EF1CB51 /* CalorieTrendSummary.swift in Sources */,
				C865D662C3A396B328E3D126 /* CalorieTrendSummaryTests.swift in Sources */,
				4DE2EAC5587A3AA15C89B4B1 /* DateHelpers.swift in Sources */,
				86FEB604B62D71C0655124AE /* EnergyAveragesCacheReader.swift in Sources */,
				278E85BDB4CA7095FAC506BF /* EnergyAveragesCacheReaderTests.swift in Sources */,
				D15647977ED29C1C239288F9 /* EnergyAveragesCalculator.swift in Sources */,
				1052DC50C654497AF753CBA9 /* EnergyAveragesCalculatorTests.swift in Sources */,
				C0ED7A3AC0364B181E667DC1 /* HealthRecord.swift in Sources */,
				E05F8EF1DEF21E25F3E7D9F6 /* MacroGoalSelectionTests.swift in Sources */,
				602FAE5FA1371FA6A1510FB9 /* MacroTotals.swift in Sources */,
				325DBD71E731E9F9B0ECB322 /* MacroTotalsTests.swift in Sources */,
				E423A6BC1D2F4FB0E197829B /* MilestoneCalculator.swift in Sources */,
				11FC596C80351285C517EBFD /* MilestoneCalculatorTests.swift in Sources */,
				5E0DEBFC4E1BC41D4FFEA18B /* ProjectionCalculator.swift in Sources */,
				B9BF75C576EB39B0BBA7D1C6 /* ProjectionCalculatorTests.swift in Sources */,
				0E0E46ECA14AB2494C91909D /* VitalsConversionCopy.swift in Sources */,
				ACEC9933380F15560FFFD8F2 /* VitalsConversionCopyTests.swift in Sources */,
				6E1DD1188F271AE88FE30922 /* WeeklyRecap.swift in Sources */,
				DADE10451EF2AF23AF682890 /* WeeklyRecapBuilderTests.swift in Sources */,
			);
			runOnlyForDeploymentPostprocessing = 0;
		};
		B3B88F7BF1CDF036BBC3A458 /* Sources */ = {
			isa = PBXSourcesBuildPhase;
			buildActionMask = 2147483647;
			files = (
				AC4CC88A6ACE68D5ED34C6FE /* HealthKitLabUITests.swift in Sources */,
				E1550A6559100C2DEE281115 /* SettingsSheetUITests.swift in Sources */,
			);
			runOnlyForDeploymentPostprocessing = 0;
		};
		E2B5FAF8C998DA77EEB97062 /* Sources */ = {
			isa = PBXSourcesBuildPhase;
			buildActionMask = 2147483647;
			files = (
				DC70232ABC8F8424A8F1C444 /* App.swift in Sources */,
				3183517189A7686F14352F26 /* AppStoreReviewLinks.swift in Sources */,
				4D80D2D1466FF2C79D3D7173 /* BodyProfile.swift in Sources */,
				64DF4D70D8C01EF659F6FC1B /* BodyProfileCalculator.swift in Sources */,
				E9C1C6F2822D7E58043F9D18 /* BodyProfileStore.swift in Sources */,
				C592AE3EC57D7CE6DBF0E017 /* BodyProfileView.swift in Sources */,
				5A19413C5A9673172FC29C82 /* CalorieTrendSummary.swift in Sources */,
				97B3284F672341E171AA3828 /* DashboardView.swift in Sources */,
				08B27B65AD2FC365D0988CE6 /* DataService.swift in Sources */,
				3043AE177B63E341CB1554A9 /* DateHelpers.swift in Sources */,
				D1FDAA0819A96D8539917A28 /* EnergyAveragesCacheReader.swift in Sources */,
				9880A24EDD14087BBC276BBE /* EnergyAveragesCalculator.swift in Sources */,
				0AC639F100296E17EF0A0680 /* GoalSettings.swift in Sources */,
				52B99A6FB6864BC7445FBCBC /* HealthKitLabHarness.swift in Sources */,
				BAAF27492ADCF82BF62686CA /* HealthKitService.swift in Sources */,
				AE79C4EF14DDEFF19FE3342E /* HealthRecord.swift in Sources */,
				FDD2B3AC4FDAD33746E92A0A /* HistoryView.swift in Sources */,
				DFEC7CED445526DD11F88757 /* MacroTotals.swift in Sources */,
				E9C8DB2B60225CFE96DDC07A /* MetricNavigation.swift in Sources */,
				7F30022BC0C97A951FCD46AD /* MilestoneCalculator.swift in Sources */,
				60592DE2EE57591183C06DD0 /* NetDeficitTrendSummary.swift in Sources */,
				1E8A3E8458958263B5786781 /* NotificationService.swift in Sources */,
				0E0201FB0EAAC755B25E719B /* PaywallScreenshotHarness.swift in Sources */,
				D152617AC81B1E8BB49B521C /* PaywallScreenshotMode.swift in Sources */,
				919AF5A699922C5CF56DEC03 /* PaywallView.swift in Sources */,
				FDC255EDF9FC897146209356 /* ProgressRing.swift in Sources */,
				63853133C6016FE36B9CCF57 /* ProjectionCalculator.swift in Sources */,
				84695835D300C56C76F58745 /* ReviewPromptSheet.swift in Sources */,
				E8752619ACD6DEB73E035A30 /* ReviewPromptTracker.swift in Sources */,
				35923B494939FCA8447C37A0 /* ScreenshotConfig.swift in Sources */,
				D608D6CA7702D1DE27D51DB3 /* StepTrendSummary.swift in Sources */,
				A1E13E3675001BC71870A7DA /* StoreService.swift in Sources */,
				EC12F9254ED351B2169E84CD /* SummaryReportGenerator.swift in Sources */,
				5201256403AA11E4AF00E922 /* SummaryReportView.swift in Sources */,
				505A5802FE54E602AA80A146 /* Theme.swift in Sources */,
				30D1E4810035E3B88CD813A8 /* VitalsConversionCopy.swift in Sources */,
				8D267B9C3DAEEDBBDF04937F /* WeeklyRecap.swift in Sources */,
				23736FF4975A768767A22434 /* WeeklyRecapView.swift in Sources */,
				4C334A91CF82A9FBAA312C1A /* WhatsNew.swift in Sources */,
				C8E17F91A696720D76A3AE1B /* WhatsNewSheet.swift in Sources */,
			);
			runOnlyForDeploymentPostprocessing = 0;
		};
/* End PBXSourcesBuildPhase section */

/* Begin PBXTargetDependency section */
		0348D73FDE4D82204F98C98C /* PBXTargetDependency */ = {
			isa = PBXTargetDependency;
			target = F7D9E69E00CE7AA8C7C7BE09 /* VitalsWidget */;
			targetProxy = A81CD494760A4463511AEAB7 /* PBXContainerItemProxy */;
		};
		0ECD67948A6FF7039342FA73 /* PBXTargetDependency */ = {
			isa = PBXTargetDependency;
			target = BA7F93B3F4FA48491616A6FE /* VitalsWatch */;
			targetProxy = BB5B4E7383A33A8F2AF4E8E2 /* PBXContainerItemProxy */;
		};
		758DB24DCFEAF5C44E6DC9EA /* PBXTargetDependency */ = {
			isa = PBXTargetDependency;
			target = 8CE4321B67221E8301492377 /* VitalsWatchWidget */;
			targetProxy = FB3D1498B6BD514E9FC79908 /* PBXContainerItemProxy */;
		};
		DFFF8F68CCE451DCE903BA8B /* PBXTargetDependency */ = {
			isa = PBXTargetDependency;
			target = 7F399A17E2AC88E07B83ADE5 /* Vitals */;
			targetProxy = F046ABB770AE902853DE44C6 /* PBXContainerItemProxy */;
		};
/* End PBXTargetDependency section */

/* Begin XCBuildConfiguration section */
		4AC1ADA6CCD216C57FDB0333 /* Debug */ = {
			isa = XCBuildConfiguration;
			buildSettings = {
				BUNDLE_LOADER = "$(TEST_HOST)";
				GENERATE_INFOPLIST_FILE = YES;
				LD_RUNPATH_SEARCH_PATHS = (
					"$(inherited)",
					"@executable_path/Frameworks",
					"@loader_path/Frameworks",
				);
				PRODUCT_BUNDLE_IDENTIFIER = com.jackwallner.vitals.tests;
				SDKROOT = iphoneos;
				TARGETED_DEVICE_FAMILY = "1,2";
			};
			name = Debug;
		};
		862AB7D3DDCABEABA517778F /* Debug */ = {
			isa = XCBuildConfiguration;
			buildSettings = {
				ASSETCATALOG_COMPILER_APPICON_NAME = AppIcon;
				CODE_SIGN_ENTITLEMENTS = Vitals/Vitals.entitlements;
				CODE_SIGN_IDENTITY = "iPhone Developer";
				INFOPLIST_FILE = Vitals/Info.plist;
				LD_RUNPATH_SEARCH_PATHS = (
					"$(inherited)",
					"@executable_path/Frameworks",
				);
				PRODUCT_BUNDLE_IDENTIFIER = com.jackwallner.vitals;
				SDKROOT = iphoneos;
				TARGETED_DEVICE_FAMILY = 1;
			};
			name = Debug;
		};
		893BDBD0946D1545A8C7BA15 /* Debug */ = {
			isa = XCBuildConfiguration;
			buildSettings = {
				BUNDLE_LOADER = "$(TEST_HOST)";
				GENERATE_INFOPLIST_FILE = YES;
				LD_RUNPATH_SEARCH_PATHS = (
					"$(inherited)",
					"@executable_path/Frameworks",
					"@loader_path/Frameworks",
				);
				PRODUCT_BUNDLE_IDENTIFIER = com.jackwallner.vitals.uitests;
				SDKROOT = iphoneos;
				TARGETED_DEVICE_FAMILY = "1,2";
				TEST_TARGET_NAME = Vitals;
			};
			name = Debug;
		};
		922A9658B4E59560A53E5547 /* Release */ = {
			isa = XCBuildConfiguration;
			buildSettings = {
				ALWAYS_SEARCH_USER_PATHS = NO;
				CLANG_ANALYZER_NONNULL = YES;
				CLANG_ANALYZER_NUMBER_OBJECT_CONVERSION = YES_AGGRESSIVE;
				CLANG_CXX_LANGUAGE_STANDARD = "gnu++14";
				CLANG_CXX_LIBRARY = "libc++";
				CLANG_ENABLE_MODULES = YES;
				CLANG_ENABLE_OBJC_ARC = YES;
				CLANG_ENABLE_OBJC_WEAK = YES;
				CLANG_WARN_BLOCK_CAPTURE_AUTORELEASING = YES;
				CLANG_WARN_BOOL_CONVERSION = YES;
				CLANG_WARN_COMMA = YES;
				CLANG_WARN_CONSTANT_CONVERSION = YES;
				CLANG_WARN_DEPRECATED_OBJC_IMPLEMENTATIONS = YES;
				CLANG_WARN_DIRECT_OBJC_ISA_USAGE = YES_ERROR;
				CLANG_WARN_DOCUMENTATION_COMMENTS = YES;
				CLANG_WARN_EMPTY_BODY = YES;
				CLANG_WARN_ENUM_CONVERSION = YES;
				CLANG_WARN_INFINITE_RECURSION = YES;
				CLANG_WARN_INT_CONVERSION = YES;
				CLANG_WARN_NON_LITERAL_NULL_CONVERSION = YES;
				CLANG_WARN_OBJC_IMPLICIT_RETAIN_SELF = YES;
				CLANG_WARN_OBJC_LITERAL_CONVERSION = YES;
				CLANG_WARN_OBJC_ROOT_CLASS = YES_ERROR;
				CLANG_WARN_QUOTED_INCLUDE_IN_FRAMEWORK_HEADER = YES;
				CLANG_WARN_RANGE_LOOP_ANALYSIS = YES;
				CLANG_WARN_STRICT_PROTOTYPES = YES;
				CLANG_WARN_SUSPICIOUS_MOVE = YES;
				CLANG_WARN_UNGUARDED_AVAILABILITY = YES_AGGRESSIVE;
				CLANG_WARN_UNREACHABLE_CODE = YES;
				CLANG_WARN__DUPLICATE_METHOD_MATCH = YES;
				CODE_SIGN_STYLE = Automatic;
				COPY_PHASE_STRIP = NO;
				CURRENT_PROJECT_VERSION = 159;
				DEBUG_INFORMATION_FORMAT = "dwarf-with-dsym";
				DEVELOPMENT_TEAM = YXG4MP6W39;
				ENABLE_NS_ASSERTIONS = NO;
				ENABLE_STRICT_OBJC_MSGSEND = YES;
				GCC_C_LANGUAGE_STANDARD = gnu11;
				GCC_NO_COMMON_BLOCKS = YES;
				GCC_WARN_64_TO_32_BIT_CONVERSION = YES;
				GCC_WARN_ABOUT_RETURN_TYPE = YES_ERROR;
				GCC_WARN_UNDECLARED_SELECTOR = YES;
				GCC_WARN_UNINITIALIZED_AUTOS = YES_AGGRESSIVE;
				GCC_WARN_UNUSED_FUNCTION = YES;
				GCC_WARN_UNUSED_VARIABLE = YES;
				GENERATE_INFOPLIST_FILE = NO;
				IPHONEOS_DEPLOYMENT_TARGET = 17.0;
				MARKETING_VERSION = 1.8.2;
				MTL_ENABLE_DEBUG_INFO = NO;
				MTL_FAST_MATH = YES;
				PRODUCT_NAME = "$(TARGET_NAME)";
				SWIFT_COMPILATION_MODE = wholemodule;
				SWIFT_OPTIMIZATION_LEVEL = "-O";
				SWIFT_VERSION = 6.0;
				WATCHOS_DEPLOYMENT_TARGET = 10.0;
			};
			name = Release;
		};
		A5C0F92767AAC5E6D2292ED6 /* Debug */ = {
			isa = XCBuildConfiguration;
			buildSettings = {
				CODE_SIGN_ENTITLEMENTS = VitalsWatchWidget/VitalsWatchWidget.entitlements;
				INFOPLIST_FILE = VitalsWatchWidget/Info.plist;
				LD_RUNPATH_SEARCH_PATHS = (
					"$(inherited)",
					"@executable_path/Frameworks",
					"@executable_path/../../Frameworks",
				);
				PRODUCT_BUNDLE_IDENTIFIER = com.jackwallner.vitals.watch.widget;
				SDKROOT = watchos;
				SKIP_INSTALL = YES;
				TARGETED_DEVICE_FAMILY = 4;
				WATCHOS_DEPLOYMENT_TARGET = 10.0;
			};
			name = Debug;
		};
		A821C8F25F92B722F88ADB03 /* Release */ = {
			isa = XCBuildConfiguration;
			buildSettings = {
				ASSETCATALOG_COMPILER_APPICON_NAME = AppIcon;
				CODE_SIGN_ENTITLEMENTS = VitalsWatch/VitalsWatch.entitlements;
				INFOPLIST_FILE = VitalsWatch/Info.plist;
				PRODUCT_BUNDLE_IDENTIFIER = com.jackwallner.vitals.watch;
				SDKROOT = watchos;
				SKIP_INSTALL = YES;
				TARGETED_DEVICE_FAMILY = 4;
				WATCHOS_DEPLOYMENT_TARGET = 10.0;
			};
			name = Release;
		};
		AB7ECE436010BD06F2E78C17 /* Release */ = {
			isa = XCBuildConfiguration;
			buildSettings = {
				ASSETCATALOG_COMPILER_APPICON_NAME = AppIcon;
				CODE_SIGN_ENTITLEMENTS = Vitals/Vitals.entitlements;
				CODE_SIGN_IDENTITY = "iPhone Developer";
				INFOPLIST_FILE = Vitals/Info.plist;
				LD_RUNPATH_SEARCH_PATHS = (
					"$(inherited)",
					"@executable_path/Frameworks",
				);
				PRODUCT_BUNDLE_IDENTIFIER = com.jackwallner.vitals;
				SDKROOT = iphoneos;
				TARGETED_DEVICE_FAMILY = 1;
			};
			name = Release;
		};
		AE0E623576B796D9414A7BB7 /* Release */ = {
			isa = XCBuildConfiguration;
			buildSettings = {
				BUNDLE_LOADER = "$(TEST_HOST)";
				GENERATE_INFOPLIST_FILE = YES;
				LD_RUNPATH_SEARCH_PATHS = (
					"$(inherited)",
					"@executable_path/Frameworks",
					"@loader_path/Frameworks",
				);
				PRODUCT_BUNDLE_IDENTIFIER = com.jackwallner.vitals.uitests;
				SDKROOT = iphoneos;
				TARGETED_DEVICE_FAMILY = "1,2";
				TEST_TARGET_NAME = Vitals;
			};
			name = Release;
		};
		C434551BDEF6D959C07C82A9 /* Release */ = {
			isa = XCBuildConfiguration;
			buildSettings = {
				CODE_SIGN_ENTITLEMENTS = VitalsWatchWidget/VitalsWatchWidget.entitlements;
				INFOPLIST_FILE = VitalsWatchWidget/Info.plist;
				LD_RUNPATH_SEARCH_PATHS = (
					"$(inherited)",
					"@executable_path/Frameworks",
					"@executable_path/../../Frameworks",
				);
				PRODUCT_BUNDLE_IDENTIFIER = com.jackwallner.vitals.watch.widget;
				SDKROOT = watchos;
				SKIP_INSTALL = YES;
				TARGETED_DEVICE_FAMILY = 4;
				WATCHOS_DEPLOYMENT_TARGET = 10.0;
			};
			name = Release;
		};
		C714EB6E3FD1C27BB97F0E3D /* Debug */ = {
			isa = XCBuildConfiguration;
			buildSettings = {
				ALWAYS_SEARCH_USER_PATHS = NO;
				CLANG_ANALYZER_NONNULL = YES;
				CLANG_ANALYZER_NUMBER_OBJECT_CONVERSION = YES_AGGRESSIVE;
				CLANG_CXX_LANGUAGE_STANDARD = "gnu++14";
				CLANG_CXX_LIBRARY = "libc++";
				CLANG_ENABLE_MODULES = YES;
				CLANG_ENABLE_OBJC_ARC = YES;
				CLANG_ENABLE_OBJC_WEAK = YES;
				CLANG_WARN_BLOCK_CAPTURE_AUTORELEASING = YES;
				CLANG_WARN_BOOL_CONVERSION = YES;
				CLANG_WARN_COMMA = YES;
				CLANG_WARN_CONSTANT_CONVERSION = YES;
				CLANG_WARN_DEPRECATED_OBJC_IMPLEMENTATIONS = YES;
				CLANG_WARN_DIRECT_OBJC_ISA_USAGE = YES_ERROR;
				CLANG_WARN_DOCUMENTATION_COMMENTS = YES;
				CLANG_WARN_EMPTY_BODY = YES;
				CLANG_WARN_ENUM_CONVERSION = YES;
				CLANG_WARN_INFINITE_RECURSION = YES;
				CLANG_WARN_INT_CONVERSION = YES;
				CLANG_WARN_NON_LITERAL_NULL_CONVERSION = YES;
				CLANG_WARN_OBJC_IMPLICIT_RETAIN_SELF = YES;
				CLANG_WARN_OBJC_LITERAL_CONVERSION = YES;
				CLANG_WARN_OBJC_ROOT_CLASS = YES_ERROR;
				CLANG_WARN_QUOTED_INCLUDE_IN_FRAMEWORK_HEADER = YES;
				CLANG_WARN_RANGE_LOOP_ANALYSIS = YES;
				CLANG_WARN_STRICT_PROTOTYPES = YES;
				CLANG_WARN_SUSPICIOUS_MOVE = YES;
				CLANG_WARN_UNGUARDED_AVAILABILITY = YES_AGGRESSIVE;
				CLANG_WARN_UNREACHABLE_CODE = YES;
				CLANG_WARN__DUPLICATE_METHOD_MATCH = YES;
				CODE_SIGN_STYLE = Automatic;
				COPY_PHASE_STRIP = NO;
				CURRENT_PROJECT_VERSION = 159;
				DEBUG_INFORMATION_FORMAT = dwarf;
				DEVELOPMENT_TEAM = YXG4MP6W39;
				ENABLE_STRICT_OBJC_MSGSEND = YES;
				ENABLE_TESTABILITY = YES;
				GCC_C_LANGUAGE_STANDARD = gnu11;
				GCC_DYNAMIC_NO_PIC = NO;
				GCC_NO_COMMON_BLOCKS = YES;
				GCC_OPTIMIZATION_LEVEL = 0;
				GCC_PREPROCESSOR_DEFINITIONS = (
					"$(inherited)",
					"DEBUG=1",
				);
				GCC_WARN_64_TO_32_BIT_CONVERSION = YES;
				GCC_WARN_ABOUT_RETURN_TYPE = YES_ERROR;
				GCC_WARN_UNDECLARED_SELECTOR = YES;
				GCC_WARN_UNINITIALIZED_AUTOS = YES_AGGRESSIVE;
				GCC_WARN_UNUSED_FUNCTION = YES;
				GCC_WARN_UNUSED_VARIABLE = YES;
				GENERATE_INFOPLIST_FILE = NO;
				IPHONEOS_DEPLOYMENT_TARGET = 17.0;
				MARKETING_VERSION = 1.8.2;
				MTL_ENABLE_DEBUG_INFO = INCLUDE_SOURCE;
				MTL_FAST_MATH = YES;
				ONLY_ACTIVE_ARCH = YES;
				PRODUCT_NAME = "$(TARGET_NAME)";
				SWIFT_ACTIVE_COMPILATION_CONDITIONS = DEBUG;
				SWIFT_OPTIMIZATION_LEVEL = "-Onone";
				SWIFT_VERSION = 6.0;
				WATCHOS_DEPLOYMENT_TARGET = 10.0;
			};
			name = Debug;
		};
		D712A27FBE72D9602AD4D9C7 /* Debug */ = {
			isa = XCBuildConfiguration;
			buildSettings = {
				CODE_SIGN_ENTITLEMENTS = VitalsWidget/VitalsWidget.entitlements;
				INFOPLIST_FILE = VitalsWidget/Info.plist;
				LD_RUNPATH_SEARCH_PATHS = (
					"$(inherited)",
					"@executable_path/Frameworks",
					"@executable_path/../../Frameworks",
				);
				PRODUCT_BUNDLE_IDENTIFIER = com.jackwallner.vitals.widget;
				SDKROOT = iphoneos;
				TARGETED_DEVICE_FAMILY = "1,2";
			};
			name = Debug;
		};
		D8FBA3D84A60BB4BD3E1FFD2 /* Debug */ = {
			isa = XCBuildConfiguration;
			buildSettings = {
				ASSETCATALOG_COMPILER_APPICON_NAME = AppIcon;
				CODE_SIGN_ENTITLEMENTS = VitalsWatch/VitalsWatch.entitlements;
				INFOPLIST_FILE = VitalsWatch/Info.plist;
				PRODUCT_BUNDLE_IDENTIFIER = com.jackwallner.vitals.watch;
				SDKROOT = watchos;
				SKIP_INSTALL = YES;
				TARGETED_DEVICE_FAMILY = 4;
				WATCHOS_DEPLOYMENT_TARGET = 10.0;
			};
			name = Debug;
		};
		E1437A38F35E9F4C3949C31A /* Release */ = {
			isa = XCBuildConfiguration;
			buildSettings = {
				BUNDLE_LOADER = "$(TEST_HOST)";
				GENERATE_INFOPLIST_FILE = YES;
				LD_RUNPATH_SEARCH_PATHS = (
					"$(inherited)",
					"@executable_path/Frameworks",
					"@loader_path/Frameworks",
				);
				PRODUCT_BUNDLE_IDENTIFIER = com.jackwallner.vitals.tests;
				SDKROOT = iphoneos;
				TARGETED_DEVICE_FAMILY = "1,2";
			};
			name = Release;
		};
		F115D707268CA4E0B2F0AE35 /* Release */ = {
			isa = XCBuildConfiguration;
			buildSettings = {
				CODE_SIGN_ENTITLEMENTS = VitalsWidget/VitalsWidget.entitlements;
				INFOPLIST_FILE = VitalsWidget/Info.plist;
				LD_RUNPATH_SEARCH_PATHS = (
					"$(inherited)",
					"@executable_path/Frameworks",
					"@executable_path/../../Frameworks",
				);
				PRODUCT_BUNDLE_IDENTIFIER = com.jackwallner.vitals.widget;
				SDKROOT = iphoneos;
				TARGETED_DEVICE_FAMILY = "1,2";
			};
			name = Release;
		};
/* End XCBuildConfiguration section */

/* Begin XCConfigurationList section */
		05A94D0CEF68207FDBEDFBEC /* Build configuration list for PBXNativeTarget "VitalsWatchWidget" */ = {
			isa = XCConfigurationList;
			buildConfigurations = (
				A5C0F92767AAC5E6D2292ED6 /* Debug */,
				C434551BDEF6D959C07C82A9 /* Release */,
			);
			defaultConfigurationIsVisible = 0;
			defaultConfigurationName = Debug;
		};
		4B4108913EE2CFBE5A266581 /* Build configuration list for PBXProject "Vitals" */ = {
			isa = XCConfigurationList;
			buildConfigurations = (
				C714EB6E3FD1C27BB97F0E3D /* Debug */,
				922A9658B4E59560A53E5547 /* Release */,
			);
			defaultConfigurationIsVisible = 0;
			defaultConfigurationName = Debug;
		};
		604780B4ACA68A8805AF7DB2 /* Build configuration list for PBXNativeTarget "VitalsUITests" */ = {
			isa = XCConfigurationList;
			buildConfigurations = (
				893BDBD0946D1545A8C7BA15 /* Debug */,
				AE0E623576B796D9414A7BB7 /* Release */,
			);
			defaultConfigurationIsVisible = 0;
			defaultConfigurationName = Debug;
		};
		7EC310382ED2851563314C65 /* Build configuration list for PBXNativeTarget "VitalsTests" */ = {
			isa = XCConfigurationList;
			buildConfigurations = (
				4AC1ADA6CCD216C57FDB0333 /* Debug */,
				E1437A38F35E9F4C3949C31A /* Release */,
			);
			defaultConfigurationIsVisible = 0;
			defaultConfigurationName = Debug;
		};
		A0FFE089E393AFB408B10C58 /* Build configuration list for PBXNativeTarget "Vitals" */ = {
			isa = XCConfigurationList;
			buildConfigurations = (
				862AB7D3DDCABEABA517778F /* Debug */,
				AB7ECE436010BD06F2E78C17 /* Release */,
			);
			defaultConfigurationIsVisible = 0;
			defaultConfigurationName = Debug;
		};
		CDA263AD61FBC00EFB71421A /* Build configuration list for PBXNativeTarget "VitalsWatch" */ = {
			isa = XCConfigurationList;
			buildConfigurations = (
				D8FBA3D84A60BB4BD3E1FFD2 /* Debug */,
				A821C8F25F92B722F88ADB03 /* Release */,
			);
			defaultConfigurationIsVisible = 0;
			defaultConfigurationName = Debug;
		};
		DC56BB572A4150027D57F9FF /* Build configuration list for PBXNativeTarget "VitalsWidget" */ = {
			isa = XCConfigurationList;
			buildConfigurations = (
				D712A27FBE72D9602AD4D9C7 /* Debug */,
				F115D707268CA4E0B2F0AE35 /* Release */,
			);
			defaultConfigurationIsVisible = 0;
			defaultConfigurationName = Debug;
		};
/* End XCConfigurationList section */

/* Begin XCRemoteSwiftPackageReference section */
		74B952302F181D760C3E4D7A /* XCRemoteSwiftPackageReference "purchases-ios-spm" */ = {
			isa = XCRemoteSwiftPackageReference;
			repositoryURL = "https://github.com/RevenueCat/purchases-ios-spm.git";
			requirement = {
				kind = upToNextMajorVersion;
				minimumVersion = 5.14.0;
			};
		};
/* End XCRemoteSwiftPackageReference section */

/* Begin XCSwiftPackageProductDependency section */
		118A9A273E0B43DBA3FC7360 /* RevenueCat */ = {
			isa = XCSwiftPackageProductDependency;
			package = 74B952302F181D760C3E4D7A /* XCRemoteSwiftPackageReference "purchases-ios-spm" */;
			productName = RevenueCat;
		};
		76716C987A1696CB0AAA0719 /* RevenueCat */ = {
			isa = XCSwiftPackageProductDependency;
			package = 74B952302F181D760C3E4D7A /* XCRemoteSwiftPackageReference "purchases-ios-spm" */;
			productName = RevenueCat;
		};
		B25E8EC0600130AD108B5EED /* RevenueCat */ = {
			isa = XCSwiftPackageProductDependency;
			package = 74B952302F181D760C3E4D7A /* XCRemoteSwiftPackageReference "purchases-ios-spm" */;
			productName = RevenueCat;
		};
		B90E4BEF66FC94CCEA5F5D95 /* RevenueCat */ = {
			isa = XCSwiftPackageProductDependency;
			package = 74B952302F181D760C3E4D7A /* XCRemoteSwiftPackageReference "purchases-ios-spm" */;
			productName = RevenueCat;
		};
/* End XCSwiftPackageProductDependency section */
	};
	rootObject = 513ABABE1DF9156E4D5073DC /* Project object */;
}
